// !$*UTF8*$!
{
	archiveVersion = 1;
	classes = {
	};
	objectVersion = 46;
	objects = {

/* Begin PBXBuildFile section */
		77A6F09D182E164100E19385 /* NoteInputViewController.m in Sources */ = {isa = PBXBuildFile; fileRef = 77A6F09C182E164100E19385 /* NoteInputViewController.m */; };
		77A6F0A0182E496600E19385 /* ImageViewerViewController.m in Sources */ = {isa = PBXBuildFile; fileRef = 77A6F09F182E496600E19385 /* ImageViewerViewController.m */; };
		77A6F0B3182E8BCF00E19385 /* Note.m in Sources */ = {isa = PBXBuildFile; fileRef = 77A6F0B2182E8BCF00E19385 /* Note.m */; };
		77A6F0B6182E8BCF00E19385 /* Course.m in Sources */ = {isa = PBXBuildFile; fileRef = 77A6F0B5182E8BCF00E19385 /* Course.m */; };
		77A6F0B9182E96D100E19385 /* DropboxController.m in Sources */ = {isa = PBXBuildFile; fileRef = 77A6F0B8182E96D100E19385 /* DropboxController.m */; };
		77A6F0BB182EA04900E19385 /* Dropbox.framework in Frameworks */ = {isa = PBXBuildFile; fileRef = 77A6F0BA182EA04900E19385 /* Dropbox.framework */; };
		77A6F0C0182EA4F400E19385 /* CFNetwork.framework in Frameworks */ = {isa = PBXBuildFile; fileRef = 77A6F0BF182EA4F400E19385 /* CFNetwork.framework */; };
		77A6F0C2182EA50000E19385 /* SystemConfiguration.framework in Frameworks */ = {isa = PBXBuildFile; fileRef = 77A6F0C1182EA50000E19385 /* SystemConfiguration.framework */; };
		77A6F0C4182EA50600E19385 /* QuartzCore.framework in Frameworks */ = {isa = PBXBuildFile; fileRef = 77A6F0C3182EA50500E19385 /* QuartzCore.framework */; };
		77A6F0C6182EA51000E19385 /* libc++.dylib in Frameworks */ = {isa = PBXBuildFile; fileRef = 77A6F0C5182EA51000E19385 /* libc++.dylib */; };
		77F23A33182DD91B0013542D /* Foundation.framework in Frameworks */ = {isa = PBXBuildFile; fileRef = 77F23A32182DD91B0013542D /* Foundation.framework */; };
		77F23A35182DD91B0013542D /* CoreGraphics.framework in Frameworks */ = {isa = PBXBuildFile; fileRef = 77F23A34182DD91B0013542D /* CoreGraphics.framework */; };
		77F23A37182DD91B0013542D /* UIKit.framework in Frameworks */ = {isa = PBXBuildFile; fileRef = 77F23A36182DD91B0013542D /* UIKit.framework */; };
		77F23A39182DD91B0013542D /* CoreData.framework in Frameworks */ = {isa = PBXBuildFile; fileRef = 77F23A38182DD91B0013542D /* CoreData.framework */; };
		77F23A3F182DD91B0013542D /* InfoPlist.strings in Resources */ = {isa = PBXBuildFile; fileRef = 77F23A3D182DD91B0013542D /* InfoPlist.strings */; };
		77F23A41182DD91B0013542D /* main.m in Sources */ = {isa = PBXBuildFile; fileRef = 77F23A40182DD91B0013542D /* main.m */; };
		77F23A45182DD91B0013542D /* AppDelegate.m in Sources */ = {isa = PBXBuildFile; fileRef = 77F23A44182DD91B0013542D /* AppDelegate.m */; };
		77F23A48182DD91B0013542D /* Main_iPhone.storyboard in Resources */ = {isa = PBXBuildFile; fileRef = 77F23A46182DD91B0013542D /* Main_iPhone.storyboard */; };
		77F23A4B182DD91B0013542D /* Main_iPad.storyboard in Resources */ = {isa = PBXBuildFile; fileRef = 77F23A49182DD91B0013542D /* Main_iPad.storyboard */; };
		77F23A4E182DD91B0013542D /* CourseNotes.xcdatamodeld in Sources */ = {isa = PBXBuildFile; fileRef = 77F23A4C182DD91B0013542D /* CourseNotes.xcdatamodeld */; };
		77F23A51182DD91B0013542D /* MasterViewController.m in Sources */ = {isa = PBXBuildFile; fileRef = 77F23A50182DD91B0013542D /* MasterViewController.m */; };
		77F23A54182DD91B0013542D /* DetailViewController.m in Sources */ = {isa = PBXBuildFile; fileRef = 77F23A53182DD91B0013542D /* DetailViewController.m */; };
		77F23A56182DD91B0013542D /* Images.xcassets in Resources */ = {isa = PBXBuildFile; fileRef = 77F23A55182DD91B0013542D /* Images.xcassets */; };
		77F23A5D182DD91B0013542D /* XCTest.framework in Frameworks */ = {isa = PBXBuildFile; fileRef = 77F23A5C182DD91B0013542D /* XCTest.framework */; };
		77F23A5E182DD91B0013542D /* Foundation.framework in Frameworks */ = {isa = PBXBuildFile; fileRef = 77F23A32182DD91B0013542D /* Foundation.framework */; };
		77F23A5F182DD91B0013542D /* UIKit.framework in Frameworks */ = {isa = PBXBuildFile; fileRef = 77F23A36182DD91B0013542D /* UIKit.framework */; };
		77F23A60182DD91B0013542D /* CoreData.framework in Frameworks */ = {isa = PBXBuildFile; fileRef = 77F23A38182DD91B0013542D /* CoreData.framework */; };
		77F23A79182DDE7E0013542D /* CourseInputViewController.m in Sources */ = {isa = PBXBuildFile; fileRef = 77F23A78182DDE7E0013542D /* CourseInputViewController.m */; };
		77F23A7C182DDF360013542D /* JVFloatLabeledTextField.m in Sources */ = {isa = PBXBuildFile; fileRef = 77F23A7B182DDF360013542D /* JVFloatLabeledTextField.m */; };
/* End PBXBuildFile section */

/* Begin PBXContainerItemProxy section */
		77F23A61182DD91B0013542D /* PBXContainerItemProxy */ = {
			isa = PBXContainerItemProxy;
			containerPortal = 77F23A27182DD91B0013542D /* Project object */;
			proxyType = 1;
			remoteGlobalIDString = 77F23A2E182DD91B0013542D;
			remoteInfo = CourseNotes;
		};
/* End PBXContainerItemProxy section */

/* Begin PBXFileReference section */
		77A6F09B182E164100E19385 /* NoteInputViewController.h */ = {isa = PBXFileReference; fileEncoding = 4; lastKnownFileType = sourcecode.c.h; path = NoteInputViewController.h; sourceTree = "<group>"; };
		77A6F09C182E164100E19385 /* NoteInputViewController.m */ = {isa = PBXFileReference; fileEncoding = 4; lastKnownFileType = sourcecode.c.objc; path = NoteInputViewController.m; sourceTree = "<group>"; };
		77A6F09E182E496600E19385 /* ImageViewerViewController.h */ = {isa = PBXFileReference; fileEncoding = 4; lastKnownFileType = sourcecode.c.h; path = ImageViewerViewController.h; sourceTree = "<group>"; };
		77A6F09F182E496600E19385 /* ImageViewerViewController.m */ = {isa = PBXFileReference; fileEncoding = 4; lastKnownFileType = sourcecode.c.objc; path = ImageViewerViewController.m; sourceTree = "<group>"; };
		77A6F0B1182E8BCF00E19385 /* Note.h */ = {isa = PBXFileReference; fileEncoding = 4; lastKnownFileType = sourcecode.c.h; path = Note.h; sourceTree = "<group>"; };
		77A6F0B2182E8BCF00E19385 /* Note.m */ = {isa = PBXFileReference; fileEncoding = 4; lastKnownFileType = sourcecode.c.objc; path = Note.m; sourceTree = "<group>"; };
		77A6F0B4182E8BCF00E19385 /* Course.h */ = {isa = PBXFileReference; fileEncoding = 4; lastKnownFileType = sourcecode.c.h; path = Course.h; sourceTree = "<group>"; };
		77A6F0B5182E8BCF00E19385 /* Course.m */ = {isa = PBXFileReference; fileEncoding = 4; lastKnownFileType = sourcecode.c.objc; path = Course.m; sourceTree = "<group>"; };
		77A6F0B7182E96D100E19385 /* DropboxController.h */ = {isa = PBXFileReference; fileEncoding = 4; lastKnownFileType = sourcecode.c.h; path = DropboxController.h; sourceTree = "<group>"; };
		77A6F0B8182E96D100E19385 /* DropboxController.m */ = {isa = PBXFileReference; fileEncoding = 4; lastKnownFileType = sourcecode.c.objc; path = DropboxController.m; sourceTree = "<group>"; };
		77A6F0BA182EA04900E19385 /* Dropbox.framework */ = {isa = PBXFileReference; lastKnownFileType = wrapper.framework; name = Dropbox.framework; path = PhotoNotes/Dropbox.framework; sourceTree = "<group>"; };
		77A6F0BF182EA4F400E19385 /* CFNetwork.framework */ = {isa = PBXFileReference; lastKnownFileType = wrapper.framework; name = CFNetwork.framework; path = System/Library/Frameworks/CFNetwork.framework; sourceTree = SDKROOT; };
		77A6F0C1182EA50000E19385 /* SystemConfiguration.framework */ = {isa = PBXFileReference; lastKnownFileType = wrapper.framework; name = SystemConfiguration.framework; path = System/Library/Frameworks/SystemConfiguration.framework; sourceTree = SDKROOT; };
		77A6F0C3182EA50500E19385 /* QuartzCore.framework */ = {isa = PBXFileReference; lastKnownFileType = wrapper.framework; name = QuartzCore.framework; path = System/Library/Frameworks/QuartzCore.framework; sourceTree = SDKROOT; };
		77A6F0C5182EA51000E19385 /* libc++.dylib */ = {isa = PBXFileReference; lastKnownFileType = "compiled.mach-o.dylib"; name = "libc++.dylib"; path = "usr/lib/libc++.dylib"; sourceTree = SDKROOT; };
		77A6F0C9182EDFF200E19385 /* config.h */ = {isa = PBXFileReference; lastKnownFileType = sourcecode.c.h; path = config.h; sourceTree = "<group>"; };
		77F23A2F182DD91B0013542D /* PhotoNotes.app */ = {isa = PBXFileReference; explicitFileType = wrapper.application; includeInIndex = 0; path = PhotoNotes.app; sourceTree = BUILT_PRODUCTS_DIR; };
		77F23A32182DD91B0013542D /* Foundation.framework */ = {isa = PBXFileReference; lastKnownFileType = wrapper.framework; name = Foundation.framework; path = System/Library/Frameworks/Foundation.framework; sourceTree = SDKROOT; };
		77F23A34182DD91B0013542D /* CoreGraphics.framework */ = {isa = PBXFileReference; lastKnownFileType = wrapper.framework; name = CoreGraphics.framework; path = System/Library/Frameworks/CoreGraphics.framework; sourceTree = SDKROOT; };
		77F23A36182DD91B0013542D /* UIKit.framework */ = {isa = PBXFileReference; lastKnownFileType = wrapper.framework; name = UIKit.framework; path = System/Library/Frameworks/UIKit.framework; sourceTree = SDKROOT; };
		77F23A38182DD91B0013542D /* CoreData.framework */ = {isa = PBXFileReference; lastKnownFileType = wrapper.framework; name = CoreData.framework; path = System/Library/Frameworks/CoreData.framework; sourceTree = SDKROOT; };
		77F23A3C182DD91B0013542D /* PhotoNotes-Info.plist */ = {isa = PBXFileReference; lastKnownFileType = text.plist.xml; path = "PhotoNotes-Info.plist"; sourceTree = "<group>"; };
		77F23A3E182DD91B0013542D /* en */ = {isa = PBXFileReference; lastKnownFileType = text.plist.strings; name = en; path = en.lproj/InfoPlist.strings; sourceTree = "<group>"; };
		77F23A40182DD91B0013542D /* main.m */ = {isa = PBXFileReference; lastKnownFileType = sourcecode.c.objc; path = main.m; sourceTree = "<group>"; };
		77F23A42182DD91B0013542D /* PhotoNotes-Prefix.pch */ = {isa = PBXFileReference; lastKnownFileType = sourcecode.c.h; path = "PhotoNotes-Prefix.pch"; sourceTree = "<group>"; };
		77F23A43182DD91B0013542D /* AppDelegate.h */ = {isa = PBXFileReference; lastKnownFileType = sourcecode.c.h; path = AppDelegate.h; sourceTree = "<group>"; };
		77F23A44182DD91B0013542D /* AppDelegate.m */ = {isa = PBXFileReference; lastKnownFileType = sourcecode.c.objc; path = AppDelegate.m; sourceTree = "<group>"; };
		77F23A47182DD91B0013542D /* Base */ = {isa = PBXFileReference; lastKnownFileType = file.storyboard; name = Base; path = Base.lproj/Main_iPhone.storyboard; sourceTree = "<group>"; };
		77F23A4A182DD91B0013542D /* Base */ = {isa = PBXFileReference; lastKnownFileType = file.storyboard; name = Base; path = Base.lproj/Main_iPad.storyboard; sourceTree = "<group>"; };
		77F23A4D182DD91B0013542D /* CourseNotes.xcdatamodel */ = {isa = PBXFileReference; lastKnownFileType = wrapper.xcdatamodel; path = CourseNotes.xcdatamodel; sourceTree = "<group>"; };
		77F23A4F182DD91B0013542D /* MasterViewController.h */ = {isa = PBXFileReference; lastKnownFileType = sourcecode.c.h; path = MasterViewController.h; sourceTree = "<group>"; };
		77F23A50182DD91B0013542D /* MasterViewController.m */ = {isa = PBXFileReference; lastKnownFileType = sourcecode.c.objc; path = MasterViewController.m; sourceTree = "<group>"; };
		77F23A52182DD91B0013542D /* DetailViewController.h */ = {isa = PBXFileReference; lastKnownFileType = sourcecode.c.h; path = DetailViewController.h; sourceTree = "<group>"; };
		77F23A53182DD91B0013542D /* DetailViewController.m */ = {isa = PBXFileReference; lastKnownFileType = sourcecode.c.objc; path = DetailViewController.m; sourceTree = "<group>"; };
		77F23A55182DD91B0013542D /* Images.xcassets */ = {isa = PBXFileReference; lastKnownFileType = folder.assetcatalog; path = Images.xcassets; sourceTree = "<group>"; };
		77F23A5B182DD91B0013542D /* PhotoNotesTests.xctest */ = {isa = PBXFileReference; explicitFileType = wrapper.cfbundle; includeInIndex = 0; path = PhotoNotesTests.xctest; sourceTree = BUILT_PRODUCTS_DIR; };
		77F23A5C182DD91B0013542D /* XCTest.framework */ = {isa = PBXFileReference; lastKnownFileType = wrapper.framework; name = XCTest.framework; path = Library/Frameworks/XCTest.framework; sourceTree = DEVELOPER_DIR; };
		77F23A77182DDE7E0013542D /* CourseInputViewController.h */ = {isa = PBXFileReference; fileEncoding = 4; lastKnownFileType = sourcecode.c.h; path = CourseInputViewController.h; sourceTree = "<group>"; };
		77F23A78182DDE7E0013542D /* CourseInputViewController.m */ = {isa = PBXFileReference; fileEncoding = 4; lastKnownFileType = sourcecode.c.objc; path = CourseInputViewController.m; sourceTree = "<group>"; };
		77F23A7A182DDF360013542D /* JVFloatLabeledTextField.h */ = {isa = PBXFileReference; fileEncoding = 4; lastKnownFileType = sourcecode.c.h; path = JVFloatLabeledTextField.h; sourceTree = "<group>"; };
		77F23A7B182DDF360013542D /* JVFloatLabeledTextField.m */ = {isa = PBXFileReference; fileEncoding = 4; lastKnownFileType = sourcecode.c.objc; path = JVFloatLabeledTextField.m; sourceTree = "<group>"; };
/* End PBXFileReference section */

/* Begin PBXFrameworksBuildPhase section */
		77F23A2C182DD91B0013542D /* Frameworks */ = {
			isa = PBXFrameworksBuildPhase;
			buildActionMask = 2147483647;
			files = (
				77A6F0C6182EA51000E19385 /* libc++.dylib in Frameworks */,
				77A6F0C4182EA50600E19385 /* QuartzCore.framework in Frameworks */,
				77A6F0C2182EA50000E19385 /* SystemConfiguration.framework in Frameworks */,
				77A6F0C0182EA4F400E19385 /* CFNetwork.framework in Frameworks */,
				77F23A35182DD91B0013542D /* CoreGraphics.framework in Frameworks */,
				77F23A39182DD91B0013542D /* CoreData.framework in Frameworks */,
				77A6F0BB182EA04900E19385 /* Dropbox.framework in Frameworks */,
				77F23A37182DD91B0013542D /* UIKit.framework in Frameworks */,
				77F23A33182DD91B0013542D /* Foundation.framework in Frameworks */,
			);
			runOnlyForDeploymentPostprocessing = 0;
		};
		77F23A58182DD91B0013542D /* Frameworks */ = {
			isa = PBXFrameworksBuildPhase;
			buildActionMask = 2147483647;
			files = (
				77F23A5D182DD91B0013542D /* XCTest.framework in Frameworks */,
				77F23A60182DD91B0013542D /* CoreData.framework in Frameworks */,
				77F23A5F182DD91B0013542D /* UIKit.framework in Frameworks */,
				77F23A5E182DD91B0013542D /* Foundation.framework in Frameworks */,
			);
			runOnlyForDeploymentPostprocessing = 0;
		};
/* End PBXFrameworksBuildPhase section */

/* Begin PBXGroup section */
		77F23A26182DD91B0013542D = {
			isa = PBXGroup;
			children = (
				77F23A3A182DD91B0013542D /* PhotoNotes */,
				77F23A31182DD91B0013542D /* Frameworks */,
				77F23A30182DD91B0013542D /* Products */,
			);
			sourceTree = "<group>";
		};
		77F23A30182DD91B0013542D /* Products */ = {
			isa = PBXGroup;
			children = (
				77F23A2F182DD91B0013542D /* PhotoNotes.app */,
				77F23A5B182DD91B0013542D /* PhotoNotesTests.xctest */,
			);
			name = Products;
			sourceTree = "<group>";
		};
		77F23A31182DD91B0013542D /* Frameworks */ = {
			isa = PBXGroup;
			children = (
				77A6F0C5182EA51000E19385 /* libc++.dylib */,
				77A6F0C3182EA50500E19385 /* QuartzCore.framework */,
				77A6F0C1182EA50000E19385 /* SystemConfiguration.framework */,
				77A6F0BF182EA4F400E19385 /* CFNetwork.framework */,
				77A6F0BA182EA04900E19385 /* Dropbox.framework */,
				77F23A32182DD91B0013542D /* Foundation.framework */,
				77F23A34182DD91B0013542D /* CoreGraphics.framework */,
				77F23A36182DD91B0013542D /* UIKit.framework */,
				77F23A38182DD91B0013542D /* CoreData.framework */,
				77F23A5C182DD91B0013542D /* XCTest.framework */,
			);
			name = Frameworks;
			sourceTree = "<group>";
		};
		77F23A3A182DD91B0013542D /* PhotoNotes */ = {
			isa = PBXGroup;
			children = (
				77F23A7D182DDF470013542D /* External Classes */,
				77F23A76182DD96A0013542D /* View */,
				77F23A75182DD9430013542D /* Core Data */,
				77F23A74182DD9260013542D /* View Controller */,
				77F23A73182DD9220013542D /* Model */,
				77F23A55182DD91B0013542D /* Images.xcassets */,
				77F23A3B182DD91B0013542D /* Supporting Files */,
			);
			path = PhotoNotes;
			sourceTree = "<group>";
		};
		77F23A3B182DD91B0013542D /* Supporting Files */ = {
			isa = PBXGroup;
			children = (
				77F23A3C182DD91B0013542D /* PhotoNotes-Info.plist */,
				77F23A3D182DD91B0013542D /* InfoPlist.strings */,
				77F23A40182DD91B0013542D /* main.m */,
				77F23A42182DD91B0013542D /* PhotoNotes-Prefix.pch */,
			);
			name = "Supporting Files";
			sourceTree = "<group>";
		};
		77F23A73182DD9220013542D /* Model */ = {
			isa = PBXGroup;
			children = (
				77A6F0B7182E96D100E19385 /* DropboxController.h */,
				77A6F0B8182E96D100E19385 /* DropboxController.m */,
				77A6F0C9182EDFF200E19385 /* config.h */,
				77F23A43182DD91B0013542D /* AppDelegate.h */,
				77F23A44182DD91B0013542D /* AppDelegate.m */,
			);
			name = Model;
			sourceTree = "<group>";
		};
		77F23A74182DD9260013542D /* View Controller */ = {
			isa = PBXGroup;
			children = (
				77F23A4F182DD91B0013542D /* MasterViewController.h */,
				77F23A50182DD91B0013542D /* MasterViewController.m */,
				77F23A77182DDE7E0013542D /* CourseInputViewController.h */,
				77F23A78182DDE7E0013542D /* CourseInputViewController.m */,
				77F23A52182DD91B0013542D /* DetailViewController.h */,
				77F23A53182DD91B0013542D /* DetailViewController.m */,
				77A6F09B182E164100E19385 /* NoteInputViewController.h */,
				77A6F09C182E164100E19385 /* NoteInputViewController.m */,
				77A6F09E182E496600E19385 /* ImageViewerViewController.h */,
				77A6F09F182E496600E19385 /* ImageViewerViewController.m */,
			);
			name = "View Controller";
			sourceTree = "<group>";
		};
		77F23A75182DD9430013542D /* Core Data */ = {
			isa = PBXGroup;
			children = (
				77A6F0B4182E8BCF00E19385 /* Course.h */,
				77A6F0B5182E8BCF00E19385 /* Course.m */,
				77A6F0B1182E8BCF00E19385 /* Note.h */,
				77A6F0B2182E8BCF00E19385 /* Note.m */,
				77F23A4C182DD91B0013542D /* CourseNotes.xcdatamodeld */,
			);
			name = "Core Data";
			sourceTree = "<group>";
		};
		77F23A76182DD96A0013542D /* View */ = {
			isa = PBXGroup;
			children = (
				77F23A49182DD91B0013542D /* Main_iPad.storyboard */,
				77F23A46182DD91B0013542D /* Main_iPhone.storyboard */,
			);
			name = View;
			sourceTree = "<group>";
		};
		77F23A7D182DDF470013542D /* External Classes */ = {
			isa = PBXGroup;
			children = (
				77F23A7A182DDF360013542D /* JVFloatLabeledTextField.h */,
				77F23A7B182DDF360013542D /* JVFloatLabeledTextField.m */,
			);
			name = "External Classes";
			sourceTree = "<group>";
		};
/* End PBXGroup section */

/* Begin PBXNativeTarget section */
		77F23A2E182DD91B0013542D /* PhotoNotes */ = {
			isa = PBXNativeTarget;
			buildConfigurationList = 77F23A6D182DD91B0013542D /* Build configuration list for PBXNativeTarget "PhotoNotes" */;
			buildPhases = (
				77F23A2B182DD91B0013542D /* Sources */,
				77F23A2C182DD91B0013542D /* Frameworks */,
				77F23A2D182DD91B0013542D /* Resources */,
			);
			buildRules = (
			);
			dependencies = (
			);
			name = PhotoNotes;
			productName = CourseNotes;
			productReference = 77F23A2F182DD91B0013542D /* PhotoNotes.app */;
			productType = "com.apple.product-type.application";
		};
		77F23A5A182DD91B0013542D /* PhotoNotesTests */ = {
			isa = PBXNativeTarget;
			buildConfigurationList = 77F23A70182DD91B0013542D /* Build configuration list for PBXNativeTarget "PhotoNotesTests" */;
			buildPhases = (
				77F23A57182DD91B0013542D /* Sources */,
				77F23A58182DD91B0013542D /* Frameworks */,
				77F23A59182DD91B0013542D /* Resources */,
			);
			buildRules = (
			);
			dependencies = (
				77F23A62182DD91B0013542D /* PBXTargetDependency */,
			);
			name = PhotoNotesTests;
			productName = CourseNotesTests;
			productReference = 77F23A5B182DD91B0013542D /* PhotoNotesTests.xctest */;
			productType = "com.apple.product-type.bundle.unit-test";
		};
/* End PBXNativeTarget section */

/* Begin PBXProject section */
		77F23A27182DD91B0013542D /* Project object */ = {
			isa = PBXProject;
			attributes = {
				LastUpgradeCheck = 0500;
				ORGANIZATIONNAME = "Jamil Dhanani";
				TargetAttributes = {
					77F23A2E182DD91B0013542D = {
						DevelopmentTeam = 5FFAEGQTZV;
					};
					77F23A5A182DD91B0013542D = {
						TestTargetID = 77F23A2E182DD91B0013542D;
					};
				};
			};
			buildConfigurationList = 77F23A2A182DD91B0013542D /* Build configuration list for PBXProject "PhotoNotes" */;
			compatibilityVersion = "Xcode 3.2";
			developmentRegion = English;
			hasScannedForEncodings = 0;
			knownRegions = (
				en,
				Base,
			);
			mainGroup = 77F23A26182DD91B0013542D;
			productRefGroup = 77F23A30182DD91B0013542D /* Products */;
			projectDirPath = "";
			projectRoot = "";
			targets = (
				77F23A2E182DD91B0013542D /* PhotoNotes */,
				77F23A5A182DD91B0013542D /* PhotoNotesTests */,
			);
		};
/* End PBXProject section */

/* Begin PBXResourcesBuildPhase section */
		77F23A2D182DD91B0013542D /* Resources */ = {
			isa = PBXResourcesBuildPhase;
			buildActionMask = 2147483647;
			files = (
				77F23A4B182DD91B0013542D /* Main_iPad.storyboard in Resources */,
				77F23A56182DD91B0013542D /* Images.xcassets in Resources */,
				77F23A48182DD91B0013542D /* Main_iPhone.storyboard in Resources */,
				77F23A3F182DD91B0013542D /* InfoPlist.strings in Resources */,
			);
			runOnlyForDeploymentPostprocessing = 0;
		};
		77F23A59182DD91B0013542D /* Resources */ = {
			isa = PBXResourcesBuildPhase;
			buildActionMask = 2147483647;
			files = (
			);
			runOnlyForDeploymentPostprocessing = 0;
		};
/* End PBXResourcesBuildPhase section */

/* Begin PBXSourcesBuildPhase section */
		77F23A2B182DD91B0013542D /* Sources */ = {
			isa = PBXSourcesBuildPhase;
			buildActionMask = 2147483647;
			files = (
				77A6F0B6182E8BCF00E19385 /* Course.m in Sources */,
				77A6F0B3182E8BCF00E19385 /* Note.m in Sources */,
				77F23A54182DD91B0013542D /* DetailViewController.m in Sources */,
				77A6F09D182E164100E19385 /* NoteInputViewController.m in Sources */,
				77A6F0B9182E96D100E19385 /* DropboxController.m in Sources */,
				77F23A51182DD91B0013542D /* MasterViewController.m in Sources */,
				77A6F0A0182E496600E19385 /* ImageViewerViewController.m in Sources */,
				77F23A79182DDE7E0013542D /* CourseInputViewController.m in Sources */,
				77F23A4E182DD91B0013542D /* CourseNotes.xcdatamodeld in Sources */,
				77F23A7C182DDF360013542D /* JVFloatLabeledTextField.m in Sources */,
				77F23A45182DD91B0013542D /* AppDelegate.m in Sources */,
				77F23A41182DD91B0013542D /* main.m in Sources */,
			);
			runOnlyForDeploymentPostprocessing = 0;
		};
		77F23A57182DD91B0013542D /* Sources */ = {
			isa = PBXSourcesBuildPhase;
			buildActionMask = 2147483647;
			files = (
			);
			runOnlyForDeploymentPostprocessing = 0;
		};
/* End PBXSourcesBuildPhase section */

/* Begin PBXTargetDependency section */
		77F23A62182DD91B0013542D /* PBXTargetDependency */ = {
			isa = PBXTargetDependency;
			target = 77F23A2E182DD91B0013542D /* PhotoNotes */;
			targetProxy = 77F23A61182DD91B0013542D /* PBXContainerItemProxy */;
		};
/* End PBXTargetDependency section */

/* Begin PBXVariantGroup section */
		77F23A3D182DD91B0013542D /* InfoPlist.strings */ = {
			isa = PBXVariantGroup;
			children = (
				77F23A3E182DD91B0013542D /* en */,
			);
			name = InfoPlist.strings;
			sourceTree = "<group>";
		};
		77F23A46182DD91B0013542D /* Main_iPhone.storyboard */ = {
			isa = PBXVariantGroup;
			children = (
				77F23A47182DD91B0013542D /* Base */,
			);
			name = Main_iPhone.storyboard;
			sourceTree = "<group>";
		};
		77F23A49182DD91B0013542D /* Main_iPad.storyboard */ = {
			isa = PBXVariantGroup;
			children = (
				77F23A4A182DD91B0013542D /* Base */,
			);
			name = Main_iPad.storyboard;
			sourceTree = "<group>";
		};
/* End PBXVariantGroup section */

/* Begin XCBuildConfiguration section */
		77F23A6B182DD91B0013542D /* Debug */ = {
			isa = XCBuildConfiguration;
			buildSettings = {
				ALWAYS_SEARCH_USER_PATHS = NO;
				ARCHS = "$(ARCHS_STANDARD_INCLUDING_64_BIT)";
				CLANG_CXX_LANGUAGE_STANDARD = "gnu++0x";
				CLANG_CXX_LIBRARY = "libc++";
				CLANG_ENABLE_MODULES = YES;
				CLANG_ENABLE_OBJC_ARC = YES;
				CLANG_WARN_BOOL_CONVERSION = YES;
				CLANG_WARN_CONSTANT_CONVERSION = YES;
				CLANG_WARN_DIRECT_OBJC_ISA_USAGE = YES_ERROR;
				CLANG_WARN_EMPTY_BODY = YES;
				CLANG_WARN_ENUM_CONVERSION = YES;
				CLANG_WARN_INT_CONVERSION = YES;
				CLANG_WARN_OBJC_ROOT_CLASS = YES_ERROR;
				CLANG_WARN__DUPLICATE_METHOD_MATCH = YES;
				"CODE_SIGN_IDENTITY[sdk=iphoneos*]" = "iPhone Developer";
				COPY_PHASE_STRIP = NO;
				GCC_C_LANGUAGE_STANDARD = gnu99;
				GCC_DYNAMIC_NO_PIC = NO;
				GCC_OPTIMIZATION_LEVEL = 0;
				GCC_PREPROCESSOR_DEFINITIONS = (
					"DEBUG=1",
					"$(inherited)",
				);
				GCC_SYMBOLS_PRIVATE_EXTERN = NO;
				GCC_WARN_64_TO_32_BIT_CONVERSION = YES;
				GCC_WARN_ABOUT_RETURN_TYPE = YES_ERROR;
				GCC_WARN_UNDECLARED_SELECTOR = YES;
				GCC_WARN_UNINITIALIZED_AUTOS = YES;
				GCC_WARN_UNUSED_FUNCTION = YES;
				GCC_WARN_UNUSED_VARIABLE = YES;
				IPHONEOS_DEPLOYMENT_TARGET = 7.0;
				ONLY_ACTIVE_ARCH = YES;
				SDKROOT = iphoneos;
				TARGETED_DEVICE_FAMILY = "1,2";
			};
			name = Debug;
		};
		77F23A6C182DD91B0013542D /* Release */ = {
			isa = XCBuildConfiguration;
			buildSettings = {
				ALWAYS_SEARCH_USER_PATHS = NO;
				ARCHS = "$(ARCHS_STANDARD_INCLUDING_64_BIT)";
				CLANG_CXX_LANGUAGE_STANDARD = "gnu++0x";
				CLANG_CXX_LIBRARY = "libc++";
				CLANG_ENABLE_MODULES = YES;
				CLANG_ENABLE_OBJC_ARC = YES;
				CLANG_WARN_BOOL_CONVERSION = YES;
				CLANG_WARN_CONSTANT_CONVERSION = YES;
				CLANG_WARN_DIRECT_OBJC_ISA_USAGE = YES_ERROR;
				CLANG_WARN_EMPTY_BODY = YES;
				CLANG_WARN_ENUM_CONVERSION = YES;
				CLANG_WARN_INT_CONVERSION = YES;
				CLANG_WARN_OBJC_ROOT_CLASS = YES_ERROR;
				CLANG_WARN__DUPLICATE_METHOD_MATCH = YES;
				"CODE_SIGN_IDENTITY[sdk=iphoneos*]" = "iPhone Developer";
				COPY_PHASE_STRIP = YES;
				ENABLE_NS_ASSERTIONS = NO;
				GCC_C_LANGUAGE_STANDARD = gnu99;
				GCC_WARN_64_TO_32_BIT_CONVERSION = YES;
				GCC_WARN_ABOUT_RETURN_TYPE = YES_ERROR;
				GCC_WARN_UNDECLARED_SELECTOR = YES;
				GCC_WARN_UNINITIALIZED_AUTOS = YES;
				GCC_WARN_UNUSED_FUNCTION = YES;
				GCC_WARN_UNUSED_VARIABLE = YES;
				IPHONEOS_DEPLOYMENT_TARGET = 7.0;
				SDKROOT = iphoneos;
				TARGETED_DEVICE_FAMILY = "1,2";
				VALIDATE_PRODUCT = YES;
			};
			name = Release;
		};
		77F23A6E182DD91B0013542D /* Debug */ = {
			isa = XCBuildConfiguration;
			buildSettings = {
				ASSETCATALOG_COMPILER_APPICON_NAME = AppIcon;
				ASSETCATALOG_COMPILER_LAUNCHIMAGE_NAME = LaunchImage;
				CODE_SIGN_IDENTITY = "iPhone Developer";
				"CODE_SIGN_IDENTITY[sdk=iphoneos*]" = "iPhone Developer";
				FRAMEWORK_SEARCH_PATHS = (
					"$(inherited)",
					/Users/jamildhanani/Developer/iOS/Projects/PhotoNotes,
					"/Users/jamildhanani/Downloads/dropbox-ios-sdk-1.3.9",
				);
				GCC_PRECOMPILE_PREFIX_HEADER = YES;
				GCC_PREFIX_HEADER = "PhotoNotes/PhotoNotes-Prefix.pch";
				INFOPLIST_FILE = "PhotoNotes/PhotoNotes-Info.plist";
				PRODUCT_NAME = PhotoNotes;
				PROVISIONING_PROFILE = "";
				WRAPPER_EXTENSION = app;
			};
			name = Debug;
		};
		77F23A6F182DD91B0013542D /* Release */ = {
			isa = XCBuildConfiguration;
			buildSettings = {
				ASSETCATALOG_COMPILER_APPICON_NAME = AppIcon;
				ASSETCATALOG_COMPILER_LAUNCHIMAGE_NAME = LaunchImage;
				CODE_SIGN_IDENTITY = "iPhone Developer";
				"CODE_SIGN_IDENTITY[sdk=iphoneos*]" = "iPhone Developer";
				FRAMEWORK_SEARCH_PATHS = (
					"$(inherited)",
					/Users/jamildhanani/Developer/iOS/Projects/PhotoNotes,
					"/Users/jamildhanani/Downloads/dropbox-ios-sdk-1.3.9",
				);
				GCC_PRECOMPILE_PREFIX_HEADER = YES;
				GCC_PREFIX_HEADER = "PhotoNotes/PhotoNotes-Prefix.pch";
				INFOPLIST_FILE = "PhotoNotes/PhotoNotes-Info.plist";
				PRODUCT_NAME = PhotoNotes;
				PROVISIONING_PROFILE = "";
				WRAPPER_EXTENSION = app;
			};
			name = Release;
		};
		77F23A71182DD91B0013542D /* Debug */ = {
			isa = XCBuildConfiguration;
			buildSettings = {
				ARCHS = "$(ARCHS_STANDARD_INCLUDING_64_BIT)";
				BUNDLE_LOADER = "$(BUILT_PRODUCTS_DIR)/CourseNotes.app/CourseNotes";
				FRAMEWORK_SEARCH_PATHS = (
					"$(SDKROOT)/Developer/Library/Frameworks",
					"$(inherited)",
					"$(DEVELOPER_FRAMEWORKS_DIR)",
				);
				GCC_PRECOMPILE_PREFIX_HEADER = YES;
				GCC_PREFIX_HEADER = "CourseNotes/CourseNotes-Prefix.pch";
				GCC_PREPROCESSOR_DEFINITIONS = (
					"DEBUG=1",
					"$(inherited)",
				);
				INFOPLIST_FILE = "CourseNotesTests/PhotoNotesTests-Info.plist";
				PRODUCT_NAME = PhotoNotesTests;
				TEST_HOST = "$(BUNDLE_LOADER)";
				WRAPPER_EXTENSION = xctest;
			};
			name = Debug;
		};
		77F23A72182DD91B0013542D /* Release */ = {
			isa = XCBuildConfiguration;
			buildSettings = {
				ARCHS = "$(ARCHS_STANDARD_INCLUDING_64_BIT)";
				BUNDLE_LOADER = "$(BUILT_PRODUCTS_DIR)/CourseNotes.app/CourseNotes";
				FRAMEWORK_SEARCH_PATHS = (
					"$(SDKROOT)/Developer/Library/Frameworks",
					"$(inherited)",
					"$(DEVELOPER_FRAMEWORKS_DIR)",
				);
				GCC_PRECOMPILE_PREFIX_HEADER = YES;
				GCC_PREFIX_HEADER = "CourseNotes/CourseNotes-Prefix.pch";
				INFOPLIST_FILE = "CourseNotesTests/PhotoNotesTests-Info.plist";
				PRODUCT_NAME = PhotoNotesTests;
				TEST_HOST = "$(BUNDLE_LOADER)";
				WRAPPER_EXTENSION = xctest;
			};
			name = Release;
		};
/* End XCBuildConfiguration section */

/* Begin XCConfigurationList section */
		77F23A2A182DD91B0013542D /* Build configuration list for PBXProject "PhotoNotes" */ = {
			isa = XCConfigurationList;
			buildConfigurations = (
				77F23A6B182DD91B0013542D /* Debug */,
				77F23A6C182DD91B0013542D /* Release */,
			);
			defaultConfigurationIsVisible = 0;
			defaultConfigurationName = Release;
		};
		77F23A6D182DD91B0013542D /* Build configuration list for PBXNativeTarget "PhotoNotes" */ = {
			isa = XCConfigurationList;
			buildConfigurations = (
				77F23A6E182DD91B0013542D /* Debug */,
				77F23A6F182DD91B0013542D /* Release */,
			);
			defaultConfigurationIsVisible = 0;
			defaultConfigurationName = Release;
		};
		77F23A70182DD91B0013542D /* Build configuration list for PBXNativeTarget "PhotoNotesTests" */ = {
			isa = XCConfigurationList;
			buildConfigurations = (
				77F23A71182DD91B0013542D /* Debug */,
				77F23A72182DD91B0013542D /* Release */,
			);
			defaultConfigurationIsVisible = 0;
			defaultConfigurationName = Release;
		};
/* End XCConfigurationList section */

/* Begin XCVersionGroup section */
		77F23A4C182DD91B0013542D /* CourseNotes.xcdatamodeld */ = {
			isa = XCVersionGroup;
			children = (
				77F23A4D182DD91B0013542D /* CourseNotes.xcdatamodel */,
			);
			currentVersion = 77F23A4D182DD91B0013542D /* CourseNotes.xcdatamodel */;
			path = CourseNotes.xcdatamodeld;
			sourceTree = "<group>";
			versionGroupType = wrapper.xcdatamodel;
		};
/* End XCVersionGroup section */
	};
	rootObject = 77F23A27182DD91B0013542D /* Project object */;
}
