// !$*UTF8*$!
{
	archiveVersion = 1;
	classes = {
	};
	objectVersion = 46;
	objects = {

/* Begin PBXBuildFile section */
		77077554185AAD7A004A7976 /* DropboxSigninViewController.m in Sources */ = {isa = PBXBuildFile; fileRef = 77077553185AAD7A004A7976 /* DropboxSigninViewController.m */; };
		77111CF918316DE000659F32 /* Dropbox.framework in Frameworks */ = {isa = PBXBuildFile; fileRef = 77A6F0BA182EA04900E19385 /* Dropbox.framework */; };
		77A2F13F1856405D00BF83A9 /* liblept.a in Frameworks */ = {isa = PBXBuildFile; fileRef = 77A2F13C1856405D00BF83A9 /* liblept.a */; };
		77A2F1401856405D00BF83A9 /* libtesseract_all.a in Frameworks */ = {isa = PBXBuildFile; fileRef = 77A2F13D1856405D00BF83A9 /* libtesseract_all.a */; };
		77A2F1451856408500BF83A9 /* Tesseract.mm in Sources */ = {isa = PBXBuildFile; fileRef = 77A2F1441856408500BF83A9 /* Tesseract.mm */; };
		77A2F1481856414800BF83A9 /* OCRTextViewController.m in Sources */ = {isa = PBXBuildFile; fileRef = 77A2F1471856414800BF83A9 /* OCRTextViewController.m */; };
		77A2F15D185648C500BF83A9 /* tessdata in Resources */ = {isa = PBXBuildFile; fileRef = 77A2F15C185648C500BF83A9 /* tessdata */; };
		77A6F09D182E164100E19385 /* NoteInputViewController.m in Sources */ = {isa = PBXBuildFile; fileRef = 77A6F09C182E164100E19385 /* NoteInputViewController.m */; };
		77A6F0A0182E496600E19385 /* ImageViewerViewController.m in Sources */ = {isa = PBXBuildFile; fileRef = 77A6F09F182E496600E19385 /* ImageViewerViewController.m */; };
		77A6F0B3182E8BCF00E19385 /* Note.m in Sources */ = {isa = PBXBuildFile; fileRef = 77A6F0B2182E8BCF00E19385 /* Note.m */; };
		77A6F0B6182E8BCF00E19385 /* Course.m in Sources */ = {isa = PBXBuildFile; fileRef = 77A6F0B5182E8BCF00E19385 /* Course.m */; };
		77A6F0B9182E96D100E19385 /* DropboxController.m in Sources */ = {isa = PBXBuildFile; fileRef = 77A6F0B8182E96D100E19385 /* DropboxController.m */; };
		77A6F0C0182EA4F400E19385 /* CFNetwork.framework in Frameworks */ = {isa = PBXBuildFile; fileRef = 77A6F0BF182EA4F400E19385 /* CFNetwork.framework */; };
		77A6F0C2182EA50000E19385 /* SystemConfiguration.framework in Frameworks */ = {isa = PBXBuildFile; fileRef = 77A6F0C1182EA50000E19385 /* SystemConfiguration.framework */; };
		77A6F0C4182EA50600E19385 /* QuartzCore.framework in Frameworks */ = {isa = PBXBuildFile; fileRef = 77A6F0C3182EA50500E19385 /* QuartzCore.framework */; };
		77A6F0C6182EA51000E19385 /* libc++.dylib in Frameworks */ = {isa = PBXBuildFile; fileRef = 77A6F0C5182EA51000E19385 /* libc++.dylib */; };
		77F23A33182DD91B0013542D /* Foundation.framework in Frameworks */ = {isa = PBXBuildFile; fileRef = 77F23A32182DD91B0013542D /* Foundation.framework */; };
		77F23A35182DD91B0013542D /* CoreGraphics.framework in Frameworks */ = {isa = PBXBuildFile; fileRef = 77F23A34182DD91B0013542D /* CoreGraphics.framework */; };
		77F23A37182DD91B0013542D /* UIKit.framework in Frameworks */ = {isa = PBXBuildFile; fileRef = 77F23A36182DD91B0013542D /* UIKit.framework */; };
		77F23A39182DD91B0013542D /* CoreData.framework in Frameworks */ = {isa = PBXBuildFile; fileRef = 77F23A38182DD91B0013542D /* CoreData.framework */; };
		77F23A3F182DD91B0013542D /* InfoPlist.strings in Resources */ = {isa = PBXBuildFile; fileRef = 77F23A3D182DD91B0013542D /* InfoPlist.strings */; };
		77F23A41182DD91B0013542D /* main.m in Sources */ = {isa = PBXBuildFile; fileRef = 77F23A40182DD91B0013542D /* main.m */; };
		77F23A45182DD91B0013542D /* AppDelegate.m in Sources */ = {isa = PBXBuildFile; fileRef = 77F23A44182DD91B0013542D /* AppDelegate.m */; };
		77F23A48182DD91B0013542D /* Main_iPhone.storyboard in Resources */ = {isa = PBXBuildFile; fileRef = 77F23A46182DD91B0013542D /* Main_iPhone.storyboard */; };
		77F23A4B182DD91B0013542D /* Main_iPad.storyboard in Resources */ = {isa = PBXBuildFile; fileRef = 77F23A49182DD91B0013542D /* Main_iPad.storyboard */; };
		77F23A4E182DD91B0013542D /* CourseNotes.xcdatamodeld in Sources */ = {isa = PBXBuildFile; fileRef = 77F23A4C182DD91B0013542D /* CourseNotes.xcdatamodeld */; };
		77F23A51182DD91B0013542D /* MasterViewController.m in Sources */ = {isa = PBXBuildFile; fileRef = 77F23A50182DD91B0013542D /* MasterViewController.m */; };
		77F23A54182DD91B0013542D /* DetailViewController.m in Sources */ = {isa = PBXBuildFile; fileRef = 77F23A53182DD91B0013542D /* DetailViewController.m */; };
		77F23A56182DD91B0013542D /* Images.xcassets in Resources */ = {isa = PBXBuildFile; fileRef = 77F23A55182DD91B0013542D /* Images.xcassets */; };
		77F23A5D182DD91B0013542D /* XCTest.framework in Frameworks */ = {isa = PBXBuildFile; fileRef = 77F23A5C182DD91B0013542D /* XCTest.framework */; };
		77F23A5E182DD91B0013542D /* Foundation.framework in Frameworks */ = {isa = PBXBuildFile; fileRef = 77F23A32182DD91B0013542D /* Foundation.framework */; };
		77F23A5F182DD91B0013542D /* UIKit.framework in Frameworks */ = {isa = PBXBuildFile; fileRef = 77F23A36182DD91B0013542D /* UIKit.framework */; };
		77F23A60182DD91B0013542D /* CoreData.framework in Frameworks */ = {isa = PBXBuildFile; fileRef = 77F23A38182DD91B0013542D /* CoreData.framework */; };
		77F23A79182DDE7E0013542D /* CourseInputViewController.m in Sources */ = {isa = PBXBuildFile; fileRef = 77F23A78182DDE7E0013542D /* CourseInputViewController.m */; };
		77F23A7C182DDF360013542D /* JVFloatLabeledTextField.m in Sources */ = {isa = PBXBuildFile; fileRef = 77F23A7B182DDF360013542D /* JVFloatLabeledTextField.m */; };
/* End PBXBuildFile section */

/* Begin PBXContainerItemProxy section */
		77F23A61182DD91B0013542D /* PBXContainerItemProxy */ = {
			isa = PBXContainerItemProxy;
			containerPortal = 77F23A27182DD91B0013542D /* Project object */;
			proxyType = 1;
			remoteGlobalIDString = 77F23A2E182DD91B0013542D;
			remoteInfo = CourseNotes;
		};
/* End PBXContainerItemProxy section */

/* Begin PBXFileReference section */
		77077552185AAD7A004A7976 /* DropboxSigninViewController.h */ = {isa = PBXFileReference; fileEncoding = 4; lastKnownFileType = sourcecode.c.h; path = DropboxSigninViewController.h; sourceTree = "<group>"; };
		77077553185AAD7A004A7976 /* DropboxSigninViewController.m */ = {isa = PBXFileReference; fileEncoding = 4; lastKnownFileType = sourcecode.c.objc; path = DropboxSigninViewController.m; sourceTree = "<group>"; };
		77A2F0AB1856405C00BF83A9 /* allheaders.h */ = {isa = PBXFileReference; fileEncoding = 4; lastKnownFileType = sourcecode.c.h; path = allheaders.h; sourceTree = "<group>"; };
		77A2F0AC1856405C00BF83A9 /* alltypes.h */ = {isa = PBXFileReference; fileEncoding = 4; lastKnownFileType = sourcecode.c.h; path = alltypes.h; sourceTree = "<group>"; };
		77A2F0AD1856405C00BF83A9 /* array.h */ = {isa = PBXFileReference; fileEncoding = 4; lastKnownFileType = sourcecode.c.h; path = array.h; sourceTree = "<group>"; };
		77A2F0AE1856405C00BF83A9 /* arrayaccess.h */ = {isa = PBXFileReference; fileEncoding = 4; lastKnownFileType = sourcecode.c.h; path = arrayaccess.h; sourceTree = "<group>"; };
		77A2F0AF1856405C00BF83A9 /* bbuffer.h */ = {isa = PBXFileReference; fileEncoding = 4; lastKnownFileType = sourcecode.c.h; path = bbuffer.h; sourceTree = "<group>"; };
		77A2F0B01856405C00BF83A9 /* bmf.h */ = {isa = PBXFileReference; fileEncoding = 4; lastKnownFileType = sourcecode.c.h; path = bmf.h; sourceTree = "<group>"; };
		77A2F0B11856405C00BF83A9 /* bmp.h */ = {isa = PBXFileReference; fileEncoding = 4; lastKnownFileType = sourcecode.c.h; path = bmp.h; sourceTree = "<group>"; };
		77A2F0B21856405C00BF83A9 /* ccbord.h */ = {isa = PBXFileReference; fileEncoding = 4; lastKnownFileType = sourcecode.c.h; path = ccbord.h; sourceTree = "<group>"; };
		77A2F0B31856405C00BF83A9 /* dewarp.h */ = {isa = PBXFileReference; fileEncoding = 4; lastKnownFileType = sourcecode.c.h; path = dewarp.h; sourceTree = "<group>"; };
		77A2F0B41856405C00BF83A9 /* endianness.h */ = {isa = PBXFileReference; fileEncoding = 4; lastKnownFileType = sourcecode.c.h; path = endianness.h; sourceTree = "<group>"; };
		77A2F0B51856405C00BF83A9 /* environ.h */ = {isa = PBXFileReference; fileEncoding = 4; lastKnownFileType = sourcecode.c.h; path = environ.h; sourceTree = "<group>"; };
		77A2F0B61856405C00BF83A9 /* freetype.h */ = {isa = PBXFileReference; fileEncoding = 4; lastKnownFileType = sourcecode.c.h; path = freetype.h; sourceTree = "<group>"; };
		77A2F0B71856405C00BF83A9 /* gplot.h */ = {isa = PBXFileReference; fileEncoding = 4; lastKnownFileType = sourcecode.c.h; path = gplot.h; sourceTree = "<group>"; };
		77A2F0B81856405C00BF83A9 /* heap.h */ = {isa = PBXFileReference; fileEncoding = 4; lastKnownFileType = sourcecode.c.h; path = heap.h; sourceTree = "<group>"; };
		77A2F0B91856405C00BF83A9 /* imageio.h */ = {isa = PBXFileReference; fileEncoding = 4; lastKnownFileType = sourcecode.c.h; path = imageio.h; sourceTree = "<group>"; };
		77A2F0BA1856405C00BF83A9 /* jbclass.h */ = {isa = PBXFileReference; fileEncoding = 4; lastKnownFileType = sourcecode.c.h; path = jbclass.h; sourceTree = "<group>"; };
		77A2F0BB1856405C00BF83A9 /* leptwin.h */ = {isa = PBXFileReference; fileEncoding = 4; lastKnownFileType = sourcecode.c.h; path = leptwin.h; sourceTree = "<group>"; };
		77A2F0BC1856405C00BF83A9 /* list.h */ = {isa = PBXFileReference; fileEncoding = 4; lastKnownFileType = sourcecode.c.h; path = list.h; sourceTree = "<group>"; };
		77A2F0BD1856405C00BF83A9 /* morph.h */ = {isa = PBXFileReference; fileEncoding = 4; lastKnownFileType = sourcecode.c.h; path = morph.h; sourceTree = "<group>"; };
		77A2F0BE1856405C00BF83A9 /* pix.h */ = {isa = PBXFileReference; fileEncoding = 4; lastKnownFileType = sourcecode.c.h; path = pix.h; sourceTree = "<group>"; };
		77A2F0BF1856405C00BF83A9 /* ptra.h */ = {isa = PBXFileReference; fileEncoding = 4; lastKnownFileType = sourcecode.c.h; path = ptra.h; sourceTree = "<group>"; };
		77A2F0C01856405C00BF83A9 /* queue.h */ = {isa = PBXFileReference; fileEncoding = 4; lastKnownFileType = sourcecode.c.h; path = queue.h; sourceTree = "<group>"; };
		77A2F0C11856405C00BF83A9 /* readbarcode.h */ = {isa = PBXFileReference; fileEncoding = 4; lastKnownFileType = sourcecode.c.h; path = readbarcode.h; sourceTree = "<group>"; };
		77A2F0C21856405C00BF83A9 /* regutils.h */ = {isa = PBXFileReference; fileEncoding = 4; lastKnownFileType = sourcecode.c.h; path = regutils.h; sourceTree = "<group>"; };
		77A2F0C31856405C00BF83A9 /* stack.h */ = {isa = PBXFileReference; fileEncoding = 4; lastKnownFileType = sourcecode.c.h; path = stack.h; sourceTree = "<group>"; };
		77A2F0C41856405C00BF83A9 /* sudoku.h */ = {isa = PBXFileReference; fileEncoding = 4; lastKnownFileType = sourcecode.c.h; path = sudoku.h; sourceTree = "<group>"; };
		77A2F0C51856405C00BF83A9 /* watershed.h */ = {isa = PBXFileReference; fileEncoding = 4; lastKnownFileType = sourcecode.c.h; path = watershed.h; sourceTree = "<group>"; };
		77A2F0C71856405C00BF83A9 /* ambigs.h */ = {isa = PBXFileReference; fileEncoding = 4; lastKnownFileType = sourcecode.c.h; path = ambigs.h; sourceTree = "<group>"; };
		77A2F0C81856405C00BF83A9 /* apitypes.h */ = {isa = PBXFileReference; fileEncoding = 4; lastKnownFileType = sourcecode.c.h; path = apitypes.h; sourceTree = "<group>"; };
		77A2F0C91856405C00BF83A9 /* baseapi.h */ = {isa = PBXFileReference; fileEncoding = 4; lastKnownFileType = sourcecode.c.h; path = baseapi.h; sourceTree = "<group>"; };
		77A2F0CA1856405C00BF83A9 /* basedir.h */ = {isa = PBXFileReference; fileEncoding = 4; lastKnownFileType = sourcecode.c.h; path = basedir.h; sourceTree = "<group>"; };
		77A2F0CB1856405C00BF83A9 /* bits16.h */ = {isa = PBXFileReference; fileEncoding = 4; lastKnownFileType = sourcecode.c.h; path = bits16.h; sourceTree = "<group>"; };
		77A2F0CC1856405C00BF83A9 /* bitvector.h */ = {isa = PBXFileReference; fileEncoding = 4; lastKnownFileType = sourcecode.c.h; path = bitvector.h; sourceTree = "<group>"; };
		77A2F0CD1856405C00BF83A9 /* blckerr.h */ = {isa = PBXFileReference; fileEncoding = 4; lastKnownFileType = sourcecode.c.h; path = blckerr.h; sourceTree = "<group>"; };
		77A2F0CE1856405C00BF83A9 /* blobbox.h */ = {isa = PBXFileReference; fileEncoding = 4; lastKnownFileType = sourcecode.c.h; path = blobbox.h; sourceTree = "<group>"; };
		77A2F0CF1856405C00BF83A9 /* blobs.h */ = {isa = PBXFileReference; fileEncoding = 4; lastKnownFileType = sourcecode.c.h; path = blobs.h; sourceTree = "<group>"; };
		77A2F0D01856405C00BF83A9 /* blread.h */ = {isa = PBXFileReference; fileEncoding = 4; lastKnownFileType = sourcecode.c.h; path = blread.h; sourceTree = "<group>"; };
		77A2F0D11856405C00BF83A9 /* boxread.h */ = {isa = PBXFileReference; fileEncoding = 4; lastKnownFileType = sourcecode.c.h; path = boxread.h; sourceTree = "<group>"; };
		77A2F0D21856405C00BF83A9 /* boxword.h */ = {isa = PBXFileReference; fileEncoding = 4; lastKnownFileType = sourcecode.c.h; path = boxword.h; sourceTree = "<group>"; };
		77A2F0D31856405C00BF83A9 /* capi.h */ = {isa = PBXFileReference; fileEncoding = 4; lastKnownFileType = sourcecode.c.h; path = capi.h; sourceTree = "<group>"; };
		77A2F0D41856405C00BF83A9 /* ccstruct.h */ = {isa = PBXFileReference; fileEncoding = 4; lastKnownFileType = sourcecode.c.h; path = ccstruct.h; sourceTree = "<group>"; };
		77A2F0D51856405C00BF83A9 /* ccutil.h */ = {isa = PBXFileReference; fileEncoding = 4; lastKnownFileType = sourcecode.c.h; path = ccutil.h; sourceTree = "<group>"; };
		77A2F0D61856405C00BF83A9 /* clst.h */ = {isa = PBXFileReference; fileEncoding = 4; lastKnownFileType = sourcecode.c.h; path = clst.h; sourceTree = "<group>"; };
		77A2F0D71856405C00BF83A9 /* control.h */ = {isa = PBXFileReference; fileEncoding = 4; lastKnownFileType = sourcecode.c.h; path = control.h; sourceTree = "<group>"; };
		77A2F0D81856405C00BF83A9 /* coutln.h */ = {isa = PBXFileReference; fileEncoding = 4; lastKnownFileType = sourcecode.c.h; path = coutln.h; sourceTree = "<group>"; };
		77A2F0D91856405C00BF83A9 /* crakedge.h */ = {isa = PBXFileReference; fileEncoding = 4; lastKnownFileType = sourcecode.c.h; path = crakedge.h; sourceTree = "<group>"; };
		77A2F0DA1856405C00BF83A9 /* cube_reco_context.h */ = {isa = PBXFileReference; fileEncoding = 4; lastKnownFileType = sourcecode.c.h; path = cube_reco_context.h; sourceTree = "<group>"; };
		77A2F0DB1856405C00BF83A9 /* cubeclassifier.h */ = {isa = PBXFileReference; fileEncoding = 4; lastKnownFileType = sourcecode.c.h; path = cubeclassifier.h; sourceTree = "<group>"; };
		77A2F0DC1856405C00BF83A9 /* detlinefit.h */ = {isa = PBXFileReference; fileEncoding = 4; lastKnownFileType = sourcecode.c.h; path = detlinefit.h; sourceTree = "<group>"; };
		77A2F0DD1856405C00BF83A9 /* docqual.h */ = {isa = PBXFileReference; fileEncoding = 4; lastKnownFileType = sourcecode.c.h; path = docqual.h; sourceTree = "<group>"; };
		77A2F0DE1856405C00BF83A9 /* dppoint.h */ = {isa = PBXFileReference; fileEncoding = 4; lastKnownFileType = sourcecode.c.h; path = dppoint.h; sourceTree = "<group>"; };
		77A2F0DF1856405C00BF83A9 /* elst.h */ = {isa = PBXFileReference; fileEncoding = 4; lastKnownFileType = sourcecode.c.h; path = elst.h; sourceTree = "<group>"; };
		77A2F0E01856405C00BF83A9 /* elst2.h */ = {isa = PBXFileReference; fileEncoding = 4; lastKnownFileType = sourcecode.c.h; path = elst2.h; sourceTree = "<group>"; };
		77A2F0E11856405C00BF83A9 /* equationdetect.h */ = {isa = PBXFileReference; fileEncoding = 4; lastKnownFileType = sourcecode.c.h; path = equationdetect.h; sourceTree = "<group>"; };
		77A2F0E21856405C00BF83A9 /* errcode.h */ = {isa = PBXFileReference; fileEncoding = 4; lastKnownFileType = sourcecode.c.h; path = errcode.h; sourceTree = "<group>"; };
		77A2F0E31856405C00BF83A9 /* fileerr.h */ = {isa = PBXFileReference; fileEncoding = 4; lastKnownFileType = sourcecode.c.h; path = fileerr.h; sourceTree = "<group>"; };
		77A2F0E41856405C00BF83A9 /* fixspace.h */ = {isa = PBXFileReference; fileEncoding = 4; lastKnownFileType = sourcecode.c.h; path = fixspace.h; sourceTree = "<group>"; };
		77A2F0E51856405C00BF83A9 /* fontinfo.h */ = {isa = PBXFileReference; fileEncoding = 4; lastKnownFileType = sourcecode.c.h; path = fontinfo.h; sourceTree = "<group>"; };
		77A2F0E61856405C00BF83A9 /* genblob.h */ = {isa = PBXFileReference; fileEncoding = 4; lastKnownFileType = sourcecode.c.h; path = genblob.h; sourceTree = "<group>"; };
		77A2F0E71856405C00BF83A9 /* genericvector.h */ = {isa = PBXFileReference; fileEncoding = 4; lastKnownFileType = sourcecode.c.h; path = genericvector.h; sourceTree = "<group>"; };
		77A2F0E81856405C00BF83A9 /* globaloc.h */ = {isa = PBXFileReference; fileEncoding = 4; lastKnownFileType = sourcecode.c.h; path = globaloc.h; sourceTree = "<group>"; };
		77A2F0E91856405C00BF83A9 /* hashfn.h */ = {isa = PBXFileReference; fileEncoding = 4; lastKnownFileType = sourcecode.c.h; path = hashfn.h; sourceTree = "<group>"; };
		77A2F0EA1856405C00BF83A9 /* helpers.h */ = {isa = PBXFileReference; fileEncoding = 4; lastKnownFileType = sourcecode.c.h; path = helpers.h; sourceTree = "<group>"; };
		77A2F0EB1856405C00BF83A9 /* host.h */ = {isa = PBXFileReference; fileEncoding = 4; lastKnownFileType = sourcecode.c.h; path = host.h; sourceTree = "<group>"; };
		77A2F0EC1856405C00BF83A9 /* hosthplb.h */ = {isa = PBXFileReference; fileEncoding = 4; lastKnownFileType = sourcecode.c.h; path = hosthplb.h; sourceTree = "<group>"; };
		77A2F0ED1856405C00BF83A9 /* hpddef.h */ = {isa = PBXFileReference; fileEncoding = 4; lastKnownFileType = sourcecode.c.h; path = hpddef.h; sourceTree = "<group>"; };
		77A2F0EE1856405C00BF83A9 /* hpdsizes.h */ = {isa = PBXFileReference; fileEncoding = 4; lastKnownFileType = sourcecode.c.h; path = hpdsizes.h; sourceTree = "<group>"; };
		77A2F0EF1856405C00BF83A9 /* imgscale.h */ = {isa = PBXFileReference; fileEncoding = 4; lastKnownFileType = sourcecode.c.h; path = imgscale.h; sourceTree = "<group>"; };
		77A2F0F01856405C00BF83A9 /* indexmapbidi.h */ = {isa = PBXFileReference; fileEncoding = 4; lastKnownFileType = sourcecode.c.h; path = indexmapbidi.h; sourceTree = "<group>"; };
		77A2F0F11856405C00BF83A9 /* ipoints.h */ = {isa = PBXFileReference; fileEncoding = 4; lastKnownFileType = sourcecode.c.h; path = ipoints.h; sourceTree = "<group>"; };
		77A2F0F21856405C00BF83A9 /* linlsq.h */ = {isa = PBXFileReference; fileEncoding = 4; lastKnownFileType = sourcecode.c.h; path = linlsq.h; sourceTree = "<group>"; };
		77A2F0F31856405C00BF83A9 /* lsterr.h */ = {isa = PBXFileReference; fileEncoding = 4; lastKnownFileType = sourcecode.c.h; path = lsterr.h; sourceTree = "<group>"; };
		77A2F0F41856405C00BF83A9 /* ltrresultiterator.h */ = {isa = PBXFileReference; fileEncoding = 4; lastKnownFileType = sourcecode.c.h; path = ltrresultiterator.h; sourceTree = "<group>"; };
		77A2F0F51856405C00BF83A9 /* matrix.h */ = {isa = PBXFileReference; fileEncoding = 4; lastKnownFileType = sourcecode.c.h; path = matrix.h; sourceTree = "<group>"; };
		77A2F0F61856405C00BF83A9 /* memry.h */ = {isa = PBXFileReference; fileEncoding = 4; lastKnownFileType = sourcecode.c.h; path = memry.h; sourceTree = "<group>"; };
		77A2F0F71856405C00BF83A9 /* mfcpch.h */ = {isa = PBXFileReference; fileEncoding = 4; lastKnownFileType = sourcecode.c.h; path = mfcpch.h; sourceTree = "<group>"; };
		77A2F0F81856405C00BF83A9 /* mod128.h */ = {isa = PBXFileReference; fileEncoding = 4; lastKnownFileType = sourcecode.c.h; path = mod128.h; sourceTree = "<group>"; };
		77A2F0F91856405C00BF83A9 /* mutableiterator.h */ = {isa = PBXFileReference; fileEncoding = 4; lastKnownFileType = sourcecode.c.h; path = mutableiterator.h; sourceTree = "<group>"; };
		77A2F0FA1856405C00BF83A9 /* ndminx.h */ = {isa = PBXFileReference; fileEncoding = 4; lastKnownFileType = sourcecode.c.h; path = ndminx.h; sourceTree = "<group>"; };
		77A2F0FB1856405C00BF83A9 /* normalis.h */ = {isa = PBXFileReference; fileEncoding = 4; lastKnownFileType = sourcecode.c.h; path = normalis.h; sourceTree = "<group>"; };
		77A2F0FC1856405C00BF83A9 /* notdll.h */ = {isa = PBXFileReference; fileEncoding = 4; lastKnownFileType = sourcecode.c.h; path = notdll.h; sourceTree = "<group>"; };
		77A2F0FD1856405C00BF83A9 /* nwmain.h */ = {isa = PBXFileReference; fileEncoding = 4; lastKnownFileType = sourcecode.c.h; path = nwmain.h; sourceTree = "<group>"; };
		77A2F0FE1856405C00BF83A9 /* ocrblock.h */ = {isa = PBXFileReference; fileEncoding = 4; lastKnownFileType = sourcecode.c.h; path = ocrblock.h; sourceTree = "<group>"; };
		77A2F0FF1856405C00BF83A9 /* ocrclass.h */ = {isa = PBXFileReference; fileEncoding = 4; lastKnownFileType = sourcecode.c.h; path = ocrclass.h; sourceTree = "<group>"; };
		77A2F1001856405C00BF83A9 /* ocrpara.h */ = {isa = PBXFileReference; fileEncoding = 4; lastKnownFileType = sourcecode.c.h; path = ocrpara.h; sourceTree = "<group>"; };
		77A2F1011856405C00BF83A9 /* ocrrow.h */ = {isa = PBXFileReference; fileEncoding = 4; lastKnownFileType = sourcecode.c.h; path = ocrrow.h; sourceTree = "<group>"; };
		77A2F1021856405C00BF83A9 /* osdetect.h */ = {isa = PBXFileReference; fileEncoding = 4; lastKnownFileType = sourcecode.c.h; path = osdetect.h; sourceTree = "<group>"; };
		77A2F1031856405C00BF83A9 /* otsuthr.h */ = {isa = PBXFileReference; fileEncoding = 4; lastKnownFileType = sourcecode.c.h; path = otsuthr.h; sourceTree = "<group>"; };
		77A2F1041856405C00BF83A9 /* output.h */ = {isa = PBXFileReference; fileEncoding = 4; lastKnownFileType = sourcecode.c.h; path = output.h; sourceTree = "<group>"; };
		77A2F1051856405C00BF83A9 /* pageiterator.h */ = {isa = PBXFileReference; fileEncoding = 4; lastKnownFileType = sourcecode.c.h; path = pageiterator.h; sourceTree = "<group>"; };
		77A2F1061856405C00BF83A9 /* pageres.h */ = {isa = PBXFileReference; fileEncoding = 4; lastKnownFileType = sourcecode.c.h; path = pageres.h; sourceTree = "<group>"; };
		77A2F1071856405C00BF83A9 /* paragraphs.h */ = {isa = PBXFileReference; fileEncoding = 4; lastKnownFileType = sourcecode.c.h; path = paragraphs.h; sourceTree = "<group>"; };
		77A2F1081856405C00BF83A9 /* paragraphs_internal.h */ = {isa = PBXFileReference; fileEncoding = 4; lastKnownFileType = sourcecode.c.h; path = paragraphs_internal.h; sourceTree = "<group>"; };
		77A2F1091856405C00BF83A9 /* params.h */ = {isa = PBXFileReference; fileEncoding = 4; lastKnownFileType = sourcecode.c.h; path = params.h; sourceTree = "<group>"; };
		77A2F10A1856405C00BF83A9 /* params_training_featdef.h */ = {isa = PBXFileReference; fileEncoding = 4; lastKnownFileType = sourcecode.c.h; path = params_training_featdef.h; sourceTree = "<group>"; };
		77A2F10B1856405C00BF83A9 /* paramsd.h */ = {isa = PBXFileReference; fileEncoding = 4; lastKnownFileType = sourcecode.c.h; path = paramsd.h; sourceTree = "<group>"; };
		77A2F10C1856405C00BF83A9 /* pdblock.h */ = {isa = PBXFileReference; fileEncoding = 4; lastKnownFileType = sourcecode.c.h; path = pdblock.h; sourceTree = "<group>"; };
		77A2F10D1856405C00BF83A9 /* pgedit.h */ = {isa = PBXFileReference; fileEncoding = 4; lastKnownFileType = sourcecode.c.h; path = pgedit.h; sourceTree = "<group>"; };
		77A2F10E1856405C00BF83A9 /* platform.h */ = {isa = PBXFileReference; fileEncoding = 4; lastKnownFileType = sourcecode.c.h; path = platform.h; sourceTree = "<group>"; };
		77A2F10F1856405C00BF83A9 /* points.h */ = {isa = PBXFileReference; fileEncoding = 4; lastKnownFileType = sourcecode.c.h; path = points.h; sourceTree = "<group>"; };
		77A2F1101856405C00BF83A9 /* polyaprx.h */ = {isa = PBXFileReference; fileEncoding = 4; lastKnownFileType = sourcecode.c.h; path = polyaprx.h; sourceTree = "<group>"; };
		77A2F1111856405C00BF83A9 /* polyblk.h */ = {isa = PBXFileReference; fileEncoding = 4; lastKnownFileType = sourcecode.c.h; path = polyblk.h; sourceTree = "<group>"; };
		77A2F1121856405C00BF83A9 /* publictypes.h */ = {isa = PBXFileReference; fileEncoding = 4; lastKnownFileType = sourcecode.c.h; path = publictypes.h; sourceTree = "<group>"; };
		77A2F1131856405C00BF83A9 /* qrsequence.h */ = {isa = PBXFileReference; fileEncoding = 4; lastKnownFileType = sourcecode.c.h; path = qrsequence.h; sourceTree = "<group>"; };
		77A2F1141856405C00BF83A9 /* quadlsq.h */ = {isa = PBXFileReference; fileEncoding = 4; lastKnownFileType = sourcecode.c.h; path = quadlsq.h; sourceTree = "<group>"; };
		77A2F1151856405C00BF83A9 /* quadratc.h */ = {isa = PBXFileReference; fileEncoding = 4; lastKnownFileType = sourcecode.c.h; path = quadratc.h; sourceTree = "<group>"; };
		77A2F1161856405C00BF83A9 /* quspline.h */ = {isa = PBXFileReference; fileEncoding = 4; lastKnownFileType = sourcecode.c.h; path = quspline.h; sourceTree = "<group>"; };
		77A2F1171856405C00BF83A9 /* ratngs.h */ = {isa = PBXFileReference; fileEncoding = 4; lastKnownFileType = sourcecode.c.h; path = ratngs.h; sourceTree = "<group>"; };
		77A2F1181856405C00BF83A9 /* rect.h */ = {isa = PBXFileReference; fileEncoding = 4; lastKnownFileType = sourcecode.c.h; path = rect.h; sourceTree = "<group>"; };
		77A2F1191856405C00BF83A9 /* rejctmap.h */ = {isa = PBXFileReference; fileEncoding = 4; lastKnownFileType = sourcecode.c.h; path = rejctmap.h; sourceTree = "<group>"; };
		77A2F11A1856405C00BF83A9 /* reject.h */ = {isa = PBXFileReference; fileEncoding = 4; lastKnownFileType = sourcecode.c.h; path = reject.h; sourceTree = "<group>"; };
		77A2F11B1856405C00BF83A9 /* resultiterator.h */ = {isa = PBXFileReference; fileEncoding = 4; lastKnownFileType = sourcecode.c.h; path = resultiterator.h; sourceTree = "<group>"; };
		77A2F11C1856405C00BF83A9 /* scaleimg.h */ = {isa = PBXFileReference; fileEncoding = 4; lastKnownFileType = sourcecode.c.h; path = scaleimg.h; sourceTree = "<group>"; };
		77A2F11D1856405C00BF83A9 /* scanutils.h */ = {isa = PBXFileReference; fileEncoding = 4; lastKnownFileType = sourcecode.c.h; path = scanutils.h; sourceTree = "<group>"; };
		77A2F11E1856405C00BF83A9 /* seam.h */ = {isa = PBXFileReference; fileEncoding = 4; lastKnownFileType = sourcecode.c.h; path = seam.h; sourceTree = "<group>"; };
		77A2F11F1856405C00BF83A9 /* secname.h */ = {isa = PBXFileReference; fileEncoding = 4; lastKnownFileType = sourcecode.c.h; path = secname.h; sourceTree = "<group>"; };
		77A2F1201856405C00BF83A9 /* serialis.h */ = {isa = PBXFileReference; fileEncoding = 4; lastKnownFileType = sourcecode.c.h; path = serialis.h; sourceTree = "<group>"; };
		77A2F1211856405C00BF83A9 /* sorthelper.h */ = {isa = PBXFileReference; fileEncoding = 4; lastKnownFileType = sourcecode.c.h; path = sorthelper.h; sourceTree = "<group>"; };
		77A2F1221856405C00BF83A9 /* split.h */ = {isa = PBXFileReference; fileEncoding = 4; lastKnownFileType = sourcecode.c.h; path = split.h; sourceTree = "<group>"; };
		77A2F1231856405C00BF83A9 /* statistc.h */ = {isa = PBXFileReference; fileEncoding = 4; lastKnownFileType = sourcecode.c.h; path = statistc.h; sourceTree = "<group>"; };
		77A2F1241856405C00BF83A9 /* stderr.h */ = {isa = PBXFileReference; fileEncoding = 4; lastKnownFileType = sourcecode.c.h; path = stderr.h; sourceTree = "<group>"; };
		77A2F1251856405C00BF83A9 /* stepblob.h */ = {isa = PBXFileReference; fileEncoding = 4; lastKnownFileType = sourcecode.c.h; path = stepblob.h; sourceTree = "<group>"; };
		77A2F1261856405C00BF83A9 /* strngs.h */ = {isa = PBXFileReference; fileEncoding = 4; lastKnownFileType = sourcecode.c.h; path = strngs.h; sourceTree = "<group>"; };
		77A2F1271856405C00BF83A9 /* tessbox.h */ = {isa = PBXFileReference; fileEncoding = 4; lastKnownFileType = sourcecode.c.h; path = tessbox.h; sourceTree = "<group>"; };
		77A2F1281856405C00BF83A9 /* tesscallback.h */ = {isa = PBXFileReference; fileEncoding = 4; lastKnownFileType = sourcecode.c.h; path = tesscallback.h; sourceTree = "<group>"; };
		77A2F1291856405C00BF83A9 /* tessdatamanager.h */ = {isa = PBXFileReference; fileEncoding = 4; lastKnownFileType = sourcecode.c.h; path = tessdatamanager.h; sourceTree = "<group>"; };
		77A2F12A1856405C00BF83A9 /* tessedit.h */ = {isa = PBXFileReference; fileEncoding = 4; lastKnownFileType = sourcecode.c.h; path = tessedit.h; sourceTree = "<group>"; };
		77A2F12B1856405C00BF83A9 /* tesseract_cube_combiner.h */ = {isa = PBXFileReference; fileEncoding = 4; lastKnownFileType = sourcecode.c.h; path = tesseract_cube_combiner.h; sourceTree = "<group>"; };
		77A2F12C1856405C00BF83A9 /* tesseractclass.h */ = {isa = PBXFileReference; fileEncoding = 4; lastKnownFileType = sourcecode.c.h; path = tesseractclass.h; sourceTree = "<group>"; };
		77A2F12D1856405C00BF83A9 /* tesseractmain.h */ = {isa = PBXFileReference; fileEncoding = 4; lastKnownFileType = sourcecode.c.h; path = tesseractmain.h; sourceTree = "<group>"; };
		77A2F12E1856405C00BF83A9 /* tessvars.h */ = {isa = PBXFileReference; fileEncoding = 4; lastKnownFileType = sourcecode.c.h; path = tessvars.h; sourceTree = "<group>"; };
		77A2F12F1856405C00BF83A9 /* tfacep.h */ = {isa = PBXFileReference; fileEncoding = 4; lastKnownFileType = sourcecode.c.h; path = tfacep.h; sourceTree = "<group>"; };
		77A2F1301856405C00BF83A9 /* tfacepp.h */ = {isa = PBXFileReference; fileEncoding = 4; lastKnownFileType = sourcecode.c.h; path = tfacepp.h; sourceTree = "<group>"; };
		77A2F1311856405C00BF83A9 /* thresholder.h */ = {isa = PBXFileReference; fileEncoding = 4; lastKnownFileType = sourcecode.c.h; path = thresholder.h; sourceTree = "<group>"; };
		77A2F1321856405C00BF83A9 /* tprintf.h */ = {isa = PBXFileReference; fileEncoding = 4; lastKnownFileType = sourcecode.c.h; path = tprintf.h; sourceTree = "<group>"; };
		77A2F1331856405C00BF83A9 /* unichar.h */ = {isa = PBXFileReference; fileEncoding = 4; lastKnownFileType = sourcecode.c.h; path = unichar.h; sourceTree = "<group>"; };
		77A2F1341856405C00BF83A9 /* unicharmap.h */ = {isa = PBXFileReference; fileEncoding = 4; lastKnownFileType = sourcecode.c.h; path = unicharmap.h; sourceTree = "<group>"; };
		77A2F1351856405C00BF83A9 /* unicharset.h */ = {isa = PBXFileReference; fileEncoding = 4; lastKnownFileType = sourcecode.c.h; path = unicharset.h; sourceTree = "<group>"; };
		77A2F1361856405C00BF83A9 /* unicity_table.h */ = {isa = PBXFileReference; fileEncoding = 4; lastKnownFileType = sourcecode.c.h; path = unicity_table.h; sourceTree = "<group>"; };
		77A2F1371856405D00BF83A9 /* unicodes.h */ = {isa = PBXFileReference; fileEncoding = 4; lastKnownFileType = sourcecode.c.h; path = unicodes.h; sourceTree = "<group>"; };
		77A2F1381856405D00BF83A9 /* vecfuncs.h */ = {isa = PBXFileReference; fileEncoding = 4; lastKnownFileType = sourcecode.c.h; path = vecfuncs.h; sourceTree = "<group>"; };
		77A2F1391856405D00BF83A9 /* werd.h */ = {isa = PBXFileReference; fileEncoding = 4; lastKnownFileType = sourcecode.c.h; path = werd.h; sourceTree = "<group>"; };
		77A2F13A1856405D00BF83A9 /* werdit.h */ = {isa = PBXFileReference; fileEncoding = 4; lastKnownFileType = sourcecode.c.h; path = werdit.h; sourceTree = "<group>"; };
		77A2F13C1856405D00BF83A9 /* liblept.a */ = {isa = PBXFileReference; lastKnownFileType = archive.ar; path = liblept.a; sourceTree = "<group>"; };
		77A2F13D1856405D00BF83A9 /* libtesseract_all.a */ = {isa = PBXFileReference; lastKnownFileType = archive.ar; path = libtesseract_all.a; sourceTree = "<group>"; };
		77A2F1431856408500BF83A9 /* Tesseract.h */ = {isa = PBXFileReference; fileEncoding = 4; lastKnownFileType = sourcecode.c.h; path = Tesseract.h; sourceTree = "<group>"; };
		77A2F1441856408500BF83A9 /* Tesseract.mm */ = {isa = PBXFileReference; fileEncoding = 4; lastKnownFileType = sourcecode.cpp.objcpp; path = Tesseract.mm; sourceTree = "<group>"; };
		77A2F1461856414800BF83A9 /* OCRTextViewController.h */ = {isa = PBXFileReference; fileEncoding = 4; lastKnownFileType = sourcecode.c.h; path = OCRTextViewController.h; sourceTree = "<group>"; };
		77A2F1471856414800BF83A9 /* OCRTextViewController.m */ = {isa = PBXFileReference; fileEncoding = 4; lastKnownFileType = sourcecode.c.objc; path = OCRTextViewController.m; sourceTree = "<group>"; };
		77A2F15C185648C500BF83A9 /* tessdata */ = {isa = PBXFileReference; lastKnownFileType = folder; name = tessdata; path = ../tessdata; sourceTree = "<group>"; };
		77A6F09B182E164100E19385 /* NoteInputViewController.h */ = {isa = PBXFileReference; fileEncoding = 4; lastKnownFileType = sourcecode.c.h; path = NoteInputViewController.h; sourceTree = "<group>"; };
		77A6F09C182E164100E19385 /* NoteInputViewController.m */ = {isa = PBXFileReference; fileEncoding = 4; lastKnownFileType = sourcecode.c.objc; path = NoteInputViewController.m; sourceTree = "<group>"; };
		77A6F09E182E496600E19385 /* ImageViewerViewController.h */ = {isa = PBXFileReference; fileEncoding = 4; lastKnownFileType = sourcecode.c.h; path = ImageViewerViewController.h; sourceTree = "<group>"; };
		77A6F09F182E496600E19385 /* ImageViewerViewController.m */ = {isa = PBXFileReference; fileEncoding = 4; lastKnownFileType = sourcecode.c.objc; path = ImageViewerViewController.m; sourceTree = "<group>"; };
		77A6F0B1182E8BCF00E19385 /* Note.h */ = {isa = PBXFileReference; fileEncoding = 4; lastKnownFileType = sourcecode.c.h; path = Note.h; sourceTree = "<group>"; };
		77A6F0B2182E8BCF00E19385 /* Note.m */ = {isa = PBXFileReference; fileEncoding = 4; lastKnownFileType = sourcecode.c.objc; path = Note.m; sourceTree = "<group>"; };
		77A6F0B4182E8BCF00E19385 /* Course.h */ = {isa = PBXFileReference; fileEncoding = 4; lastKnownFileType = sourcecode.c.h; path = Course.h; sourceTree = "<group>"; };
		77A6F0B5182E8BCF00E19385 /* Course.m */ = {isa = PBXFileReference; fileEncoding = 4; lastKnownFileType = sourcecode.c.objc; path = Course.m; sourceTree = "<group>"; };
		77A6F0B7182E96D100E19385 /* DropboxController.h */ = {isa = PBXFileReference; fileEncoding = 4; lastKnownFileType = sourcecode.c.h; path = DropboxController.h; sourceTree = "<group>"; };
		77A6F0B8182E96D100E19385 /* DropboxController.m */ = {isa = PBXFileReference; fileEncoding = 4; lastKnownFileType = sourcecode.c.objc; path = DropboxController.m; sourceTree = "<group>"; };
		77A6F0BA182EA04900E19385 /* Dropbox.framework */ = {isa = PBXFileReference; lastKnownFileType = wrapper.framework; name = Dropbox.framework; path = PhotoNotes/Dropbox.framework; sourceTree = "<group>"; };
		77A6F0BF182EA4F400E19385 /* CFNetwork.framework */ = {isa = PBXFileReference; lastKnownFileType = wrapper.framework; name = CFNetwork.framework; path = System/Library/Frameworks/CFNetwork.framework; sourceTree = SDKROOT; };
		77A6F0C1182EA50000E19385 /* SystemConfiguration.framework */ = {isa = PBXFileReference; lastKnownFileType = wrapper.framework; name = SystemConfiguration.framework; path = System/Library/Frameworks/SystemConfiguration.framework; sourceTree = SDKROOT; };
		77A6F0C3182EA50500E19385 /* QuartzCore.framework */ = {isa = PBXFileReference; lastKnownFileType = wrapper.framework; name = QuartzCore.framework; path = System/Library/Frameworks/QuartzCore.framework; sourceTree = SDKROOT; };
		77A6F0C5182EA51000E19385 /* libc++.dylib */ = {isa = PBXFileReference; lastKnownFileType = "compiled.mach-o.dylib"; name = "libc++.dylib"; path = "usr/lib/libc++.dylib"; sourceTree = SDKROOT; };
		77A6F0C9182EDFF200E19385 /* config.h */ = {isa = PBXFileReference; lastKnownFileType = sourcecode.c.h; path = config.h; sourceTree = "<group>"; };
		77F23A2F182DD91B0013542D /* PhotoNotes.app */ = {isa = PBXFileReference; explicitFileType = wrapper.application; includeInIndex = 0; path = PhotoNotes.app; sourceTree = BUILT_PRODUCTS_DIR; };
		77F23A32182DD91B0013542D /* Foundation.framework */ = {isa = PBXFileReference; lastKnownFileType = wrapper.framework; name = Foundation.framework; path = System/Library/Frameworks/Foundation.framework; sourceTree = SDKROOT; };
		77F23A34182DD91B0013542D /* CoreGraphics.framework */ = {isa = PBXFileReference; lastKnownFileType = wrapper.framework; name = CoreGraphics.framework; path = System/Library/Frameworks/CoreGraphics.framework; sourceTree = SDKROOT; };
		77F23A36182DD91B0013542D /* UIKit.framework */ = {isa = PBXFileReference; lastKnownFileType = wrapper.framework; name = UIKit.framework; path = System/Library/Frameworks/UIKit.framework; sourceTree = SDKROOT; };
		77F23A38182DD91B0013542D /* CoreData.framework */ = {isa = PBXFileReference; lastKnownFileType = wrapper.framework; name = CoreData.framework; path = System/Library/Frameworks/CoreData.framework; sourceTree = SDKROOT; };
		77F23A3C182DD91B0013542D /* PhotoNotes-Info.plist */ = {isa = PBXFileReference; lastKnownFileType = text.plist.xml; path = "PhotoNotes-Info.plist"; sourceTree = "<group>"; };
		77F23A3E182DD91B0013542D /* en */ = {isa = PBXFileReference; lastKnownFileType = text.plist.strings; name = en; path = en.lproj/InfoPlist.strings; sourceTree = "<group>"; };
		77F23A40182DD91B0013542D /* main.m */ = {isa = PBXFileReference; lastKnownFileType = sourcecode.c.objc; path = main.m; sourceTree = "<group>"; };
		77F23A42182DD91B0013542D /* PhotoNotes-Prefix.pch */ = {isa = PBXFileReference; lastKnownFileType = sourcecode.c.h; path = "PhotoNotes-Prefix.pch"; sourceTree = "<group>"; };
		77F23A43182DD91B0013542D /* AppDelegate.h */ = {isa = PBXFileReference; lastKnownFileType = sourcecode.c.h; path = AppDelegate.h; sourceTree = "<group>"; };
		77F23A44182DD91B0013542D /* AppDelegate.m */ = {isa = PBXFileReference; lastKnownFileType = sourcecode.c.objc; path = AppDelegate.m; sourceTree = "<group>"; };
		77F23A47182DD91B0013542D /* Base */ = {isa = PBXFileReference; lastKnownFileType = file.storyboard; name = Base; path = Base.lproj/Main_iPhone.storyboard; sourceTree = "<group>"; };
		77F23A4A182DD91B0013542D /* Base */ = {isa = PBXFileReference; lastKnownFileType = file.storyboard; name = Base; path = Base.lproj/Main_iPad.storyboard; sourceTree = "<group>"; };
		77F23A4D182DD91B0013542D /* CourseNotes.xcdatamodel */ = {isa = PBXFileReference; lastKnownFileType = wrapper.xcdatamodel; path = CourseNotes.xcdatamodel; sourceTree = "<group>"; };
		77F23A4F182DD91B0013542D /* MasterViewController.h */ = {isa = PBXFileReference; lastKnownFileType = sourcecode.c.h; path = MasterViewController.h; sourceTree = "<group>"; };
		77F23A50182DD91B0013542D /* MasterViewController.m */ = {isa = PBXFileReference; lastKnownFileType = sourcecode.c.objc; path = MasterViewController.m; sourceTree = "<group>"; };
		77F23A52182DD91B0013542D /* DetailViewController.h */ = {isa = PBXFileReference; lastKnownFileType = sourcecode.c.h; path = DetailViewController.h; sourceTree = "<group>"; };
		77F23A53182DD91B0013542D /* DetailViewController.m */ = {isa = PBXFileReference; lastKnownFileType = sourcecode.c.objc; path = DetailViewController.m; sourceTree = "<group>"; };
		77F23A55182DD91B0013542D /* Images.xcassets */ = {isa = PBXFileReference; lastKnownFileType = folder.assetcatalog; path = Images.xcassets; sourceTree = "<group>"; };
		77F23A5B182DD91B0013542D /* PhotoNotesTests.xctest */ = {isa = PBXFileReference; explicitFileType = wrapper.cfbundle; includeInIndex = 0; path = PhotoNotesTests.xctest; sourceTree = BUILT_PRODUCTS_DIR; };
		77F23A5C182DD91B0013542D /* XCTest.framework */ = {isa = PBXFileReference; lastKnownFileType = wrapper.framework; name = XCTest.framework; path = Library/Frameworks/XCTest.framework; sourceTree = DEVELOPER_DIR; };
		77F23A77182DDE7E0013542D /* CourseInputViewController.h */ = {isa = PBXFileReference; fileEncoding = 4; lastKnownFileType = sourcecode.c.h; path = CourseInputViewController.h; sourceTree = "<group>"; };
		77F23A78182DDE7E0013542D /* CourseInputViewController.m */ = {isa = PBXFileReference; fileEncoding = 4; lastKnownFileType = sourcecode.c.objc; path = CourseInputViewController.m; sourceTree = "<group>"; };
		77F23A7A182DDF360013542D /* JVFloatLabeledTextField.h */ = {isa = PBXFileReference; fileEncoding = 4; lastKnownFileType = sourcecode.c.h; path = JVFloatLabeledTextField.h; sourceTree = "<group>"; };
		77F23A7B182DDF360013542D /* JVFloatLabeledTextField.m */ = {isa = PBXFileReference; fileEncoding = 4; lastKnownFileType = sourcecode.c.objc; path = JVFloatLabeledTextField.m; sourceTree = "<group>"; };
/* End PBXFileReference section */

/* Begin PBXFrameworksBuildPhase section */
		77F23A2C182DD91B0013542D /* Frameworks */ = {
			isa = PBXFrameworksBuildPhase;
			buildActionMask = 2147483647;
			files = (
				77A2F13F1856405D00BF83A9 /* liblept.a in Frameworks */,
				77A2F1401856405D00BF83A9 /* libtesseract_all.a in Frameworks */,
				77111CF918316DE000659F32 /* Dropbox.framework in Frameworks */,
				77A6F0C6182EA51000E19385 /* libc++.dylib in Frameworks */,
				77A6F0C4182EA50600E19385 /* QuartzCore.framework in Frameworks */,
				77A6F0C2182EA50000E19385 /* SystemConfiguration.framework in Frameworks */,
				77A6F0C0182EA4F400E19385 /* CFNetwork.framework in Frameworks */,
				77F23A35182DD91B0013542D /* CoreGraphics.framework in Frameworks */,
				77F23A39182DD91B0013542D /* CoreData.framework in Frameworks */,
				77F23A37182DD91B0013542D /* UIKit.framework in Frameworks */,
				77F23A33182DD91B0013542D /* Foundation.framework in Frameworks */,
			);
			runOnlyForDeploymentPostprocessing = 0;
		};
		77F23A58182DD91B0013542D /* Frameworks */ = {
			isa = PBXFrameworksBuildPhase;
			buildActionMask = 2147483647;
			files = (
				77F23A5D182DD91B0013542D /* XCTest.framework in Frameworks */,
				77F23A60182DD91B0013542D /* CoreData.framework in Frameworks */,
				77F23A5F182DD91B0013542D /* UIKit.framework in Frameworks */,
				77F23A5E182DD91B0013542D /* Foundation.framework in Frameworks */,
			);
			runOnlyForDeploymentPostprocessing = 0;
		};
/* End PBXFrameworksBuildPhase section */

/* Begin PBXGroup section */
		77A2F0A91856405C00BF83A9 /* include */ = {
			isa = PBXGroup;
			children = (
				77A2F0AA1856405C00BF83A9 /* leptonica */,
				77A2F0C61856405C00BF83A9 /* tesseract */,
			);
			path = include;
			sourceTree = "<group>";
		};
		77A2F0AA1856405C00BF83A9 /* leptonica */ = {
			isa = PBXGroup;
			children = (
				77A2F0AB1856405C00BF83A9 /* allheaders.h */,
				77A2F0AC1856405C00BF83A9 /* alltypes.h */,
				77A2F0AD1856405C00BF83A9 /* array.h */,
				77A2F0AE1856405C00BF83A9 /* arrayaccess.h */,
				77A2F0AF1856405C00BF83A9 /* bbuffer.h */,
				77A2F0B01856405C00BF83A9 /* bmf.h */,
				77A2F0B11856405C00BF83A9 /* bmp.h */,
				77A2F0B21856405C00BF83A9 /* ccbord.h */,
				77A2F0B31856405C00BF83A9 /* dewarp.h */,
				77A2F0B41856405C00BF83A9 /* endianness.h */,
				77A2F0B51856405C00BF83A9 /* environ.h */,
				77A2F0B61856405C00BF83A9 /* freetype.h */,
				77A2F0B71856405C00BF83A9 /* gplot.h */,
				77A2F0B81856405C00BF83A9 /* heap.h */,
				77A2F0B91856405C00BF83A9 /* imageio.h */,
				77A2F0BA1856405C00BF83A9 /* jbclass.h */,
				77A2F0BB1856405C00BF83A9 /* leptwin.h */,
				77A2F0BC1856405C00BF83A9 /* list.h */,
				77A2F0BD1856405C00BF83A9 /* morph.h */,
				77A2F0BE1856405C00BF83A9 /* pix.h */,
				77A2F0BF1856405C00BF83A9 /* ptra.h */,
				77A2F0C01856405C00BF83A9 /* queue.h */,
				77A2F0C11856405C00BF83A9 /* readbarcode.h */,
				77A2F0C21856405C00BF83A9 /* regutils.h */,
				77A2F0C31856405C00BF83A9 /* stack.h */,
				77A2F0C41856405C00BF83A9 /* sudoku.h */,
				77A2F0C51856405C00BF83A9 /* watershed.h */,
			);
			path = leptonica;
			sourceTree = "<group>";
		};
		77A2F0C61856405C00BF83A9 /* tesseract */ = {
			isa = PBXGroup;
			children = (
				77A2F0C71856405C00BF83A9 /* ambigs.h */,
				77A2F0C81856405C00BF83A9 /* apitypes.h */,
				77A2F0C91856405C00BF83A9 /* baseapi.h */,
				77A2F0CA1856405C00BF83A9 /* basedir.h */,
				77A2F0CB1856405C00BF83A9 /* bits16.h */,
				77A2F0CC1856405C00BF83A9 /* bitvector.h */,
				77A2F0CD1856405C00BF83A9 /* blckerr.h */,
				77A2F0CE1856405C00BF83A9 /* blobbox.h */,
				77A2F0CF1856405C00BF83A9 /* blobs.h */,
				77A2F0D01856405C00BF83A9 /* blread.h */,
				77A2F0D11856405C00BF83A9 /* boxread.h */,
				77A2F0D21856405C00BF83A9 /* boxword.h */,
				77A2F0D31856405C00BF83A9 /* capi.h */,
				77A2F0D41856405C00BF83A9 /* ccstruct.h */,
				77A2F0D51856405C00BF83A9 /* ccutil.h */,
				77A2F0D61856405C00BF83A9 /* clst.h */,
				77A2F0D71856405C00BF83A9 /* control.h */,
				77A2F0D81856405C00BF83A9 /* coutln.h */,
				77A2F0D91856405C00BF83A9 /* crakedge.h */,
				77A2F0DA1856405C00BF83A9 /* cube_reco_context.h */,
				77A2F0DB1856405C00BF83A9 /* cubeclassifier.h */,
				77A2F0DC1856405C00BF83A9 /* detlinefit.h */,
				77A2F0DD1856405C00BF83A9 /* docqual.h */,
				77A2F0DE1856405C00BF83A9 /* dppoint.h */,
				77A2F0DF1856405C00BF83A9 /* elst.h */,
				77A2F0E01856405C00BF83A9 /* elst2.h */,
				77A2F0E11856405C00BF83A9 /* equationdetect.h */,
				77A2F0E21856405C00BF83A9 /* errcode.h */,
				77A2F0E31856405C00BF83A9 /* fileerr.h */,
				77A2F0E41856405C00BF83A9 /* fixspace.h */,
				77A2F0E51856405C00BF83A9 /* fontinfo.h */,
				77A2F0E61856405C00BF83A9 /* genblob.h */,
				77A2F0E71856405C00BF83A9 /* genericvector.h */,
				77A2F0E81856405C00BF83A9 /* globaloc.h */,
				77A2F0E91856405C00BF83A9 /* hashfn.h */,
				77A2F0EA1856405C00BF83A9 /* helpers.h */,
				77A2F0EB1856405C00BF83A9 /* host.h */,
				77A2F0EC1856405C00BF83A9 /* hosthplb.h */,
				77A2F0ED1856405C00BF83A9 /* hpddef.h */,
				77A2F0EE1856405C00BF83A9 /* hpdsizes.h */,
				77A2F0EF1856405C00BF83A9 /* imgscale.h */,
				77A2F0F01856405C00BF83A9 /* indexmapbidi.h */,
				77A2F0F11856405C00BF83A9 /* ipoints.h */,
				77A2F0F21856405C00BF83A9 /* linlsq.h */,
				77A2F0F31856405C00BF83A9 /* lsterr.h */,
				77A2F0F41856405C00BF83A9 /* ltrresultiterator.h */,
				77A2F0F51856405C00BF83A9 /* matrix.h */,
				77A2F0F61856405C00BF83A9 /* memry.h */,
				77A2F0F71856405C00BF83A9 /* mfcpch.h */,
				77A2F0F81856405C00BF83A9 /* mod128.h */,
				77A2F0F91856405C00BF83A9 /* mutableiterator.h */,
				77A2F0FA1856405C00BF83A9 /* ndminx.h */,
				77A2F0FB1856405C00BF83A9 /* normalis.h */,
				77A2F0FC1856405C00BF83A9 /* notdll.h */,
				77A2F0FD1856405C00BF83A9 /* nwmain.h */,
				77A2F0FE1856405C00BF83A9 /* ocrblock.h */,
				77A2F0FF1856405C00BF83A9 /* ocrclass.h */,
				77A2F1001856405C00BF83A9 /* ocrpara.h */,
				77A2F1011856405C00BF83A9 /* ocrrow.h */,
				77A2F1021856405C00BF83A9 /* osdetect.h */,
				77A2F1031856405C00BF83A9 /* otsuthr.h */,
				77A2F1041856405C00BF83A9 /* output.h */,
				77A2F1051856405C00BF83A9 /* pageiterator.h */,
				77A2F1061856405C00BF83A9 /* pageres.h */,
				77A2F1071856405C00BF83A9 /* paragraphs.h */,
				77A2F1081856405C00BF83A9 /* paragraphs_internal.h */,
				77A2F1091856405C00BF83A9 /* params.h */,
				77A2F10A1856405C00BF83A9 /* params_training_featdef.h */,
				77A2F10B1856405C00BF83A9 /* paramsd.h */,
				77A2F10C1856405C00BF83A9 /* pdblock.h */,
				77A2F10D1856405C00BF83A9 /* pgedit.h */,
				77A2F10E1856405C00BF83A9 /* platform.h */,
				77A2F10F1856405C00BF83A9 /* points.h */,
				77A2F1101856405C00BF83A9 /* polyaprx.h */,
				77A2F1111856405C00BF83A9 /* polyblk.h */,
				77A2F1121856405C00BF83A9 /* publictypes.h */,
				77A2F1131856405C00BF83A9 /* qrsequence.h */,
				77A2F1141856405C00BF83A9 /* quadlsq.h */,
				77A2F1151856405C00BF83A9 /* quadratc.h */,
				77A2F1161856405C00BF83A9 /* quspline.h */,
				77A2F1171856405C00BF83A9 /* ratngs.h */,
				77A2F1181856405C00BF83A9 /* rect.h */,
				77A2F1191856405C00BF83A9 /* rejctmap.h */,
				77A2F11A1856405C00BF83A9 /* reject.h */,
				77A2F11B1856405C00BF83A9 /* resultiterator.h */,
				77A2F11C1856405C00BF83A9 /* scaleimg.h */,
				77A2F11D1856405C00BF83A9 /* scanutils.h */,
				77A2F11E1856405C00BF83A9 /* seam.h */,
				77A2F11F1856405C00BF83A9 /* secname.h */,
				77A2F1201856405C00BF83A9 /* serialis.h */,
				77A2F1211856405C00BF83A9 /* sorthelper.h */,
				77A2F1221856405C00BF83A9 /* split.h */,
				77A2F1231856405C00BF83A9 /* statistc.h */,
				77A2F1241856405C00BF83A9 /* stderr.h */,
				77A2F1251856405C00BF83A9 /* stepblob.h */,
				77A2F1261856405C00BF83A9 /* strngs.h */,
				77A2F1271856405C00BF83A9 /* tessbox.h */,
				77A2F1281856405C00BF83A9 /* tesscallback.h */,
				77A2F1291856405C00BF83A9 /* tessdatamanager.h */,
				77A2F12A1856405C00BF83A9 /* tessedit.h */,
				77A2F12B1856405C00BF83A9 /* tesseract_cube_combiner.h */,
				77A2F12C1856405C00BF83A9 /* tesseractclass.h */,
				77A2F12D1856405C00BF83A9 /* tesseractmain.h */,
				77A2F12E1856405C00BF83A9 /* tessvars.h */,
				77A2F12F1856405C00BF83A9 /* tfacep.h */,
				77A2F1301856405C00BF83A9 /* tfacepp.h */,
				77A2F1311856405C00BF83A9 /* thresholder.h */,
				77A2F1321856405C00BF83A9 /* tprintf.h */,
				77A2F1331856405C00BF83A9 /* unichar.h */,
				77A2F1341856405C00BF83A9 /* unicharmap.h */,
				77A2F1351856405C00BF83A9 /* unicharset.h */,
				77A2F1361856405C00BF83A9 /* unicity_table.h */,
				77A2F1371856405D00BF83A9 /* unicodes.h */,
				77A2F1381856405D00BF83A9 /* vecfuncs.h */,
				77A2F1391856405D00BF83A9 /* werd.h */,
				77A2F13A1856405D00BF83A9 /* werdit.h */,
			);
			path = tesseract;
			sourceTree = "<group>";
		};
		77A2F13B1856405D00BF83A9 /* lib */ = {
			isa = PBXGroup;
			children = (
				77A2F13C1856405D00BF83A9 /* liblept.a */,
				77A2F13D1856405D00BF83A9 /* libtesseract_all.a */,
			);
			path = lib;
			sourceTree = "<group>";
		};
		77A2F1421856405F00BF83A9 /* Tesseract OCR */ = {
			isa = PBXGroup;
			children = (
				77A2F15C185648C500BF83A9 /* tessdata */,
				77A2F0A91856405C00BF83A9 /* include */,
				77A2F13B1856405D00BF83A9 /* lib */,
			);
			name = "Tesseract OCR";
			sourceTree = "<group>";
		};
		77F23A26182DD91B0013542D = {
			isa = PBXGroup;
			children = (
				77F23A3A182DD91B0013542D /* PhotoNotes */,
				77F23A31182DD91B0013542D /* Frameworks */,
				77F23A30182DD91B0013542D /* Products */,
			);
			sourceTree = "<group>";
		};
		77F23A30182DD91B0013542D /* Products */ = {
			isa = PBXGroup;
			children = (
				77F23A2F182DD91B0013542D /* PhotoNotes.app */,
				77F23A5B182DD91B0013542D /* PhotoNotesTests.xctest */,
			);
			name = Products;
			sourceTree = "<group>";
		};
		77F23A31182DD91B0013542D /* Frameworks */ = {
			isa = PBXGroup;
			children = (
				77A6F0C5182EA51000E19385 /* libc++.dylib */,
				77A6F0C3182EA50500E19385 /* QuartzCore.framework */,
				77A6F0C1182EA50000E19385 /* SystemConfiguration.framework */,
				77A6F0BF182EA4F400E19385 /* CFNetwork.framework */,
				77A6F0BA182EA04900E19385 /* Dropbox.framework */,
				77F23A32182DD91B0013542D /* Foundation.framework */,
				77F23A34182DD91B0013542D /* CoreGraphics.framework */,
				77F23A36182DD91B0013542D /* UIKit.framework */,
				77F23A38182DD91B0013542D /* CoreData.framework */,
				77F23A5C182DD91B0013542D /* XCTest.framework */,
			);
			name = Frameworks;
			sourceTree = "<group>";
		};
		77F23A3A182DD91B0013542D /* PhotoNotes */ = {
			isa = PBXGroup;
			children = (
				77F23A7D182DDF470013542D /* External Classes */,
				77F23A76182DD96A0013542D /* View */,
				77F23A75182DD9430013542D /* Core Data */,
				77F23A74182DD9260013542D /* View Controller */,
				77F23A73182DD9220013542D /* Model */,
				77F23A55182DD91B0013542D /* Images.xcassets */,
				77F23A3B182DD91B0013542D /* Supporting Files */,
			);
			path = PhotoNotes;
			sourceTree = "<group>";
		};
		77F23A3B182DD91B0013542D /* Supporting Files */ = {
			isa = PBXGroup;
			children = (
				77F23A3C182DD91B0013542D /* PhotoNotes-Info.plist */,
				77F23A3D182DD91B0013542D /* InfoPlist.strings */,
				77F23A40182DD91B0013542D /* main.m */,
				77F23A42182DD91B0013542D /* PhotoNotes-Prefix.pch */,
			);
			name = "Supporting Files";
			sourceTree = "<group>";
		};
		77F23A73182DD9220013542D /* Model */ = {
			isa = PBXGroup;
			children = (
				77A6F0B7182E96D100E19385 /* DropboxController.h */,
				77A6F0B8182E96D100E19385 /* DropboxController.m */,
				77A6F0C9182EDFF200E19385 /* config.h */,
				77F23A43182DD91B0013542D /* AppDelegate.h */,
				77F23A44182DD91B0013542D /* AppDelegate.m */,
			);
			name = Model;
			sourceTree = "<group>";
		};
		77F23A74182DD9260013542D /* View Controller */ = {
			isa = PBXGroup;
			children = (
				77F23A4F182DD91B0013542D /* MasterViewController.h */,
				77F23A50182DD91B0013542D /* MasterViewController.m */,
				77F23A77182DDE7E0013542D /* CourseInputViewController.h */,
				77F23A78182DDE7E0013542D /* CourseInputViewController.m */,
				77F23A52182DD91B0013542D /* DetailViewController.h */,
				77F23A53182DD91B0013542D /* DetailViewController.m */,
				77077552185AAD7A004A7976 /* DropboxSigninViewController.h */,
				77077553185AAD7A004A7976 /* DropboxSigninViewController.m */,
				77A6F09B182E164100E19385 /* NoteInputViewController.h */,
				77A6F09C182E164100E19385 /* NoteInputViewController.m */,
				77A6F09E182E496600E19385 /* ImageViewerViewController.h */,
				77A6F09F182E496600E19385 /* ImageViewerViewController.m */,
				77A2F1461856414800BF83A9 /* OCRTextViewController.h */,
				77A2F1471856414800BF83A9 /* OCRTextViewController.m */,
			);
			name = "View Controller";
			sourceTree = "<group>";
		};
		77F23A75182DD9430013542D /* Core Data */ = {
			isa = PBXGroup;
			children = (
				77A6F0B4182E8BCF00E19385 /* Course.h */,
				77A6F0B5182E8BCF00E19385 /* Course.m */,
				77A6F0B1182E8BCF00E19385 /* Note.h */,
				77A6F0B2182E8BCF00E19385 /* Note.m */,
				77F23A4C182DD91B0013542D /* CourseNotes.xcdatamodeld */,
			);
			name = "Core Data";
			sourceTree = "<group>";
		};
		77F23A76182DD96A0013542D /* View */ = {
			isa = PBXGroup;
			children = (
				77F23A49182DD91B0013542D /* Main_iPad.storyboard */,
				77F23A46182DD91B0013542D /* Main_iPhone.storyboard */,
			);
			name = View;
			sourceTree = "<group>";
		};
		77F23A7D182DDF470013542D /* External Classes */ = {
			isa = PBXGroup;
			children = (
				77A2F1421856405F00BF83A9 /* Tesseract OCR */,
				77F23A7A182DDF360013542D /* JVFloatLabeledTextField.h */,
				77F23A7B182DDF360013542D /* JVFloatLabeledTextField.m */,
				77A2F1431856408500BF83A9 /* Tesseract.h */,
				77A2F1441856408500BF83A9 /* Tesseract.mm */,
			);
			name = "External Classes";
			sourceTree = "<group>";
		};
/* End PBXGroup section */

/* Begin PBXNativeTarget section */
		77F23A2E182DD91B0013542D /* PhotoNotes */ = {
			isa = PBXNativeTarget;
			buildConfigurationList = 77F23A6D182DD91B0013542D /* Build configuration list for PBXNativeTarget "PhotoNotes" */;
			buildPhases = (
				77F23A2B182DD91B0013542D /* Sources */,
				77F23A2C182DD91B0013542D /* Frameworks */,
				77F23A2D182DD91B0013542D /* Resources */,
			);
			buildRules = (
			);
			dependencies = (
			);
			name = PhotoNotes;
			productName = CourseNotes;
			productReference = 77F23A2F182DD91B0013542D /* PhotoNotes.app */;
			productType = "com.apple.product-type.application";
		};
		77F23A5A182DD91B0013542D /* PhotoNotesTests */ = {
			isa = PBXNativeTarget;
			buildConfigurationList = 77F23A70182DD91B0013542D /* Build configuration list for PBXNativeTarget "PhotoNotesTests" */;
			buildPhases = (
				77F23A57182DD91B0013542D /* Sources */,
				77F23A58182DD91B0013542D /* Frameworks */,
				77F23A59182DD91B0013542D /* Resources */,
			);
			buildRules = (
			);
			dependencies = (
				77F23A62182DD91B0013542D /* PBXTargetDependency */,
			);
			name = PhotoNotesTests;
			productName = CourseNotesTests;
			productReference = 77F23A5B182DD91B0013542D /* PhotoNotesTests.xctest */;
			productType = "com.apple.product-type.bundle.unit-test";
		};
/* End PBXNativeTarget section */

/* Begin PBXProject section */
		77F23A27182DD91B0013542D /* Project object */ = {
			isa = PBXProject;
			attributes = {
				LastUpgradeCheck = 0600;
				ORGANIZATIONNAME = "Jamil Dhanani";
				TargetAttributes = {
					77F23A2E182DD91B0013542D = {
						DevelopmentTeam = 5FFAEGQTZV;
					};
					77F23A5A182DD91B0013542D = {
						TestTargetID = 77F23A2E182DD91B0013542D;
					};
				};
			};
			buildConfigurationList = 77F23A2A182DD91B0013542D /* Build configuration list for PBXProject "PhotoNotes" */;
			compatibilityVersion = "Xcode 3.2";
			developmentRegion = English;
			hasScannedForEncodings = 0;
			knownRegions = (
				en,
				Base,
			);
			mainGroup = 77F23A26182DD91B0013542D;
			productRefGroup = 77F23A30182DD91B0013542D /* Products */;
			projectDirPath = "";
			projectRoot = "";
			targets = (
				77F23A2E182DD91B0013542D /* PhotoNotes */,
				77F23A5A182DD91B0013542D /* PhotoNotesTests */,
			);
		};
/* End PBXProject section */

/* Begin PBXResourcesBuildPhase section */
		77F23A2D182DD91B0013542D /* Resources */ = {
			isa = PBXResourcesBuildPhase;
			buildActionMask = 2147483647;
			files = (
				77F23A4B182DD91B0013542D /* Main_iPad.storyboard in Resources */,
				77F23A56182DD91B0013542D /* Images.xcassets in Resources */,
				77A2F15D185648C500BF83A9 /* tessdata in Resources */,
				77F23A48182DD91B0013542D /* Main_iPhone.storyboard in Resources */,
				77F23A3F182DD91B0013542D /* InfoPlist.strings in Resources */,
			);
			runOnlyForDeploymentPostprocessing = 0;
		};
		77F23A59182DD91B0013542D /* Resources */ = {
			isa = PBXResourcesBuildPhase;
			buildActionMask = 2147483647;
			files = (
			);
			runOnlyForDeploymentPostprocessing = 0;
		};
/* End PBXResourcesBuildPhase section */

/* Begin PBXSourcesBuildPhase section */
		77F23A2B182DD91B0013542D /* Sources */ = {
			isa = PBXSourcesBuildPhase;
			buildActionMask = 2147483647;
			files = (
				77077554185AAD7A004A7976 /* DropboxSigninViewController.m in Sources */,
				77A6F0B6182E8BCF00E19385 /* Course.m in Sources */,
				77A6F0B3182E8BCF00E19385 /* Note.m in Sources */,
				77A2F1481856414800BF83A9 /* OCRTextViewController.m in Sources */,
				77F23A54182DD91B0013542D /* DetailViewController.m in Sources */,
				77A2F1451856408500BF83A9 /* Tesseract.mm in Sources */,
				77A6F09D182E164100E19385 /* NoteInputViewController.m in Sources */,
				77A6F0B9182E96D100E19385 /* DropboxController.m in Sources */,
				77F23A51182DD91B0013542D /* MasterViewController.m in Sources */,
				77A6F0A0182E496600E19385 /* ImageViewerViewController.m in Sources */,
				77F23A79182DDE7E0013542D /* CourseInputViewController.m in Sources */,
				77F23A4E182DD91B0013542D /* CourseNotes.xcdatamodeld in Sources */,
				77F23A7C182DDF360013542D /* JVFloatLabeledTextField.m in Sources */,
				77F23A45182DD91B0013542D /* AppDelegate.m in Sources */,
				77F23A41182DD91B0013542D /* main.m in Sources */,
			);
			runOnlyForDeploymentPostprocessing = 0;
		};
		77F23A57182DD91B0013542D /* Sources */ = {
			isa = PBXSourcesBuildPhase;
			buildActionMask = 2147483647;
			files = (
			);
			runOnlyForDeploymentPostprocessing = 0;
		};
/* End PBXSourcesBuildPhase section */

/* Begin PBXTargetDependency section */
		77F23A62182DD91B0013542D /* PBXTargetDependency */ = {
			isa = PBXTargetDependency;
			target = 77F23A2E182DD91B0013542D /* PhotoNotes */;
			targetProxy = 77F23A61182DD91B0013542D /* PBXContainerItemProxy */;
		};
/* End PBXTargetDependency section */

/* Begin PBXVariantGroup section */
		77F23A3D182DD91B0013542D /* InfoPlist.strings */ = {
			isa = PBXVariantGroup;
			children = (
				77F23A3E182DD91B0013542D /* en */,
			);
			name = InfoPlist.strings;
			sourceTree = "<group>";
		};
		77F23A46182DD91B0013542D /* Main_iPhone.storyboard */ = {
			isa = PBXVariantGroup;
			children = (
				77F23A47182DD91B0013542D /* Base */,
			);
			name = Main_iPhone.storyboard;
			sourceTree = "<group>";
		};
		77F23A49182DD91B0013542D /* Main_iPad.storyboard */ = {
			isa = PBXVariantGroup;
			children = (
				77F23A4A182DD91B0013542D /* Base */,
			);
			name = Main_iPad.storyboard;
			sourceTree = "<group>";
		};
/* End PBXVariantGroup section */

/* Begin XCBuildConfiguration section */
		77F23A6B182DD91B0013542D /* Debug */ = {
			isa = XCBuildConfiguration;
			buildSettings = {
				ALWAYS_SEARCH_USER_PATHS = NO;
				CLANG_CXX_LANGUAGE_STANDARD = "gnu++0x";
				CLANG_CXX_LIBRARY = "libc++";
				CLANG_ENABLE_MODULES = YES;
				CLANG_ENABLE_OBJC_ARC = YES;
				CLANG_WARN_BOOL_CONVERSION = YES;
				CLANG_WARN_CONSTANT_CONVERSION = YES;
				CLANG_WARN_DIRECT_OBJC_ISA_USAGE = YES_ERROR;
				CLANG_WARN_EMPTY_BODY = YES;
				CLANG_WARN_ENUM_CONVERSION = YES;
				CLANG_WARN_INT_CONVERSION = YES;
				CLANG_WARN_OBJC_ROOT_CLASS = YES_ERROR;
				CLANG_WARN__DUPLICATE_METHOD_MATCH = YES;
				"CODE_SIGN_IDENTITY[sdk=iphoneos*]" = "iPhone Developer";
				COPY_PHASE_STRIP = NO;
				GCC_C_LANGUAGE_STANDARD = gnu99;
				GCC_DYNAMIC_NO_PIC = NO;
				GCC_OPTIMIZATION_LEVEL = 0;
				GCC_PREPROCESSOR_DEFINITIONS = (
					"DEBUG=1",
					"$(inherited)",
				);
				GCC_SYMBOLS_PRIVATE_EXTERN = NO;
				GCC_WARN_64_TO_32_BIT_CONVERSION = YES;
				GCC_WARN_ABOUT_RETURN_TYPE = YES_ERROR;
				GCC_WARN_UNDECLARED_SELECTOR = YES;
				GCC_WARN_UNINITIALIZED_AUTOS = YES;
				GCC_WARN_UNUSED_FUNCTION = YES;
				GCC_WARN_UNUSED_VARIABLE = YES;
				IPHONEOS_DEPLOYMENT_TARGET = 7.1;
				ONLY_ACTIVE_ARCH = YES;
				SDKROOT = iphoneos;
				TARGETED_DEVICE_FAMILY = "1,2";
			};
			name = Debug;
		};
		77F23A6C182DD91B0013542D /* Release */ = {
			isa = XCBuildConfiguration;
			buildSettings = {
				ALWAYS_SEARCH_USER_PATHS = NO;
				CLANG_CXX_LANGUAGE_STANDARD = "gnu++0x";
				CLANG_CXX_LIBRARY = "libc++";
				CLANG_ENABLE_MODULES = YES;
				CLANG_ENABLE_OBJC_ARC = YES;
				CLANG_WARN_BOOL_CONVERSION = YES;
				CLANG_WARN_CONSTANT_CONVERSION = YES;
				CLANG_WARN_DIRECT_OBJC_ISA_USAGE = YES_ERROR;
				CLANG_WARN_EMPTY_BODY = YES;
				CLANG_WARN_ENUM_CONVERSION = YES;
				CLANG_WARN_INT_CONVERSION = YES;
				CLANG_WARN_OBJC_ROOT_CLASS = YES_ERROR;
				CLANG_WARN__DUPLICATE_METHOD_MATCH = YES;
				"CODE_SIGN_IDENTITY[sdk=iphoneos*]" = "iPhone Developer";
				COPY_PHASE_STRIP = YES;
				ENABLE_NS_ASSERTIONS = NO;
				GCC_C_LANGUAGE_STANDARD = gnu99;
				GCC_WARN_64_TO_32_BIT_CONVERSION = YES;
				GCC_WARN_ABOUT_RETURN_TYPE = YES_ERROR;
				GCC_WARN_UNDECLARED_SELECTOR = YES;
				GCC_WARN_UNINITIALIZED_AUTOS = YES;
				GCC_WARN_UNUSED_FUNCTION = YES;
				GCC_WARN_UNUSED_VARIABLE = YES;
				IPHONEOS_DEPLOYMENT_TARGET = 7.1;
				SDKROOT = iphoneos;
				TARGETED_DEVICE_FAMILY = "1,2";
				VALIDATE_PRODUCT = YES;
			};
			name = Release;
		};
		77F23A6E182DD91B0013542D /* Debug */ = {
			isa = XCBuildConfiguration;
			buildSettings = {
				ASSETCATALOG_COMPILER_APPICON_NAME = AppIcon;
				ASSETCATALOG_COMPILER_LAUNCHIMAGE_NAME = LaunchImage;
				CLANG_CXX_LIBRARY = "libstdc++";
				CODE_SIGN_IDENTITY = "iPhone Developer";
				"CODE_SIGN_IDENTITY[sdk=iphoneos*]" = "iPhone Developer";
				FRAMEWORK_SEARCH_PATHS = (
					"$(inherited)",
					/Users/jamildhanani/Developer/iOS/Projects/PhotoNotes,
					"/Users/jamildhanani/Downloads/dropbox-ios-sdk-1.3.9",
					/Users/jamildhanani/Developer/iOS/Projects/PhotoNotes/PhotoNotes,
				);
				GCC_PRECOMPILE_PREFIX_HEADER = YES;
				GCC_PREFIX_HEADER = "PhotoNotes/PhotoNotes-Prefix.pch";
				INFOPLIST_FILE = "PhotoNotes/PhotoNotes-Info.plist";
				LIBRARY_SEARCH_PATHS = (
					"$(inherited)",
					/Users/jamildhanani/Developer/iOS/Projects/PhotoNotes/PhotoNotes/lib,
				);
				PRODUCT_NAME = PhotoNotes;
				PROVISIONING_PROFILE = "";
				WRAPPER_EXTENSION = app;
			};
			name = Debug;
		};
		77F23A6F182DD91B0013542D /* Release */ = {
			isa = XCBuildConfiguration;
			buildSettings = {
				ASSETCATALOG_COMPILER_APPICON_NAME = AppIcon;
				ASSETCATALOG_COMPILER_LAUNCHIMAGE_NAME = LaunchImage;
				CLANG_CXX_LIBRARY = "libstdc++";
				CODE_SIGN_IDENTITY = "iPhone Developer";
				"CODE_SIGN_IDENTITY[sdk=iphoneos*]" = "iPhone Developer";
				FRAMEWORK_SEARCH_PATHS = (
					"$(inherited)",
					/Users/jamildhanani/Developer/iOS/Projects/PhotoNotes,
					"/Users/jamildhanani/Downloads/dropbox-ios-sdk-1.3.9",
					/Users/jamildhanani/Developer/iOS/Projects/PhotoNotes/PhotoNotes,
				);
				GCC_PRECOMPILE_PREFIX_HEADER = YES;
				GCC_PREFIX_HEADER = "PhotoNotes/PhotoNotes-Prefix.pch";
				INFOPLIST_FILE = "PhotoNotes/PhotoNotes-Info.plist";
				LIBRARY_SEARCH_PATHS = (
					"$(inherited)",
					/Users/jamildhanani/Developer/iOS/Projects/PhotoNotes/PhotoNotes/lib,
				);
				PRODUCT_NAME = PhotoNotes;
				PROVISIONING_PROFILE = "";
				WRAPPER_EXTENSION = app;
			};
			name = Release;
		};
		77F23A71182DD91B0013542D /* Debug */ = {
			isa = XCBuildConfiguration;
			buildSettings = {
				BUNDLE_LOADER = "$(BUILT_PRODUCTS_DIR)/CourseNotes.app/CourseNotes";
				FRAMEWORK_SEARCH_PATHS = (
					"$(SDKROOT)/Developer/Library/Frameworks",
					"$(inherited)",
					"$(DEVELOPER_FRAMEWORKS_DIR)",
				);
				GCC_PRECOMPILE_PREFIX_HEADER = YES;
				GCC_PREFIX_HEADER = "CourseNotes/CourseNotes-Prefix.pch";
				GCC_PREPROCESSOR_DEFINITIONS = (
					"DEBUG=1",
					"$(inherited)",
				);
				INFOPLIST_FILE = "CourseNotesTests/PhotoNotesTests-Info.plist";
				PRODUCT_NAME = PhotoNotesTests;
				TEST_HOST = "$(BUNDLE_LOADER)";
				WRAPPER_EXTENSION = xctest;
			};
			name = Debug;
		};
		77F23A72182DD91B0013542D /* Release */ = {
			isa = XCBuildConfiguration;
			buildSettings = {
				BUNDLE_LOADER = "$(BUILT_PRODUCTS_DIR)/CourseNotes.app/CourseNotes";
				FRAMEWORK_SEARCH_PATHS = (
					"$(SDKROOT)/Developer/Library/Frameworks",
					"$(inherited)",
					"$(DEVELOPER_FRAMEWORKS_DIR)",
				);
				GCC_PRECOMPILE_PREFIX_HEADER = YES;
				GCC_PREFIX_HEADER = "CourseNotes/CourseNotes-Prefix.pch";
				INFOPLIST_FILE = "CourseNotesTests/PhotoNotesTests-Info.plist";
				PRODUCT_NAME = PhotoNotesTests;
				TEST_HOST = "$(BUNDLE_LOADER)";
				WRAPPER_EXTENSION = xctest;
			};
			name = Release;
		};
/* End XCBuildConfiguration section */

/* Begin XCConfigurationList section */
		77F23A2A182DD91B0013542D /* Build configuration list for PBXProject "PhotoNotes" */ = {
			isa = XCConfigurationList;
			buildConfigurations = (
				77F23A6B182DD91B0013542D /* Debug */,
				77F23A6C182DD91B0013542D /* Release */,
			);
			defaultConfigurationIsVisible = 0;
			defaultConfigurationName = Release;
		};
		77F23A6D182DD91B0013542D /* Build configuration list for PBXNativeTarget "PhotoNotes" */ = {
			isa = XCConfigurationList;
			buildConfigurations = (
				77F23A6E182DD91B0013542D /* Debug */,
				77F23A6F182DD91B0013542D /* Release */,
			);
			defaultConfigurationIsVisible = 0;
			defaultConfigurationName = Release;
		};
		77F23A70182DD91B0013542D /* Build configuration list for PBXNativeTarget "PhotoNotesTests" */ = {
			isa = XCConfigurationList;
			buildConfigurations = (
				77F23A71182DD91B0013542D /* Debug */,
				77F23A72182DD91B0013542D /* Release */,
			);
			defaultConfigurationIsVisible = 0;
			defaultConfigurationName = Release;
		};
/* End XCConfigurationList section */

/* Begin XCVersionGroup section */
		77F23A4C182DD91B0013542D /* CourseNotes.xcdatamodeld */ = {
			isa = XCVersionGroup;
			children = (
				77F23A4D182DD91B0013542D /* CourseNotes.xcdatamodel */,
			);
			currentVersion = 77F23A4D182DD91B0013542D /* CourseNotes.xcdatamodel */;
			path = CourseNotes.xcdatamodeld;
			sourceTree = "<group>";
			versionGroupType = wrapper.xcdatamodel;
		};
/* End XCVersionGroup section */
	};
	rootObject = 77F23A27182DD91B0013542D /* Project object */;
}
